// !$*UTF8*$!
{
	archiveVersion = 1;
	classes = {
	};
	objectVersion = 50;
	objects = {

/* Begin PBXBuildFile section */
		09761522907E0247BDBB9EFF /* Pods_GetDonorUITests.framework in Frameworks */ = {isa = PBXBuildFile; fileRef = 59F683F91654B749E2FD267E /* Pods_GetDonorUITests.framework */; };
		2A21B702C9D6B4596D357F2C /* Pods_GetDonor.framework in Frameworks */ = {isa = PBXBuildFile; fileRef = 60CFCA0A5293CAD1BB098AB7 /* Pods_GetDonor.framework */; };
		316362938DC3CB16D4A035E6 /* Pods_GetDonorTests.framework in Frameworks */ = {isa = PBXBuildFile; fileRef = 28F1A04FF3DFC012137CB152 /* Pods_GetDonorTests.framework */; };
		84393AAC2133EC6C006B8688 /* CorousalTableViewCell.xib in Resources */ = {isa = PBXBuildFile; fileRef = 84393AAB2133EC6C006B8688 /* CorousalTableViewCell.xib */; };
		84393AAE2133ED6D006B8688 /* CorousalTableViewCell.swift in Sources */ = {isa = PBXBuildFile; fileRef = 84393AAD2133ED6D006B8688 /* CorousalTableViewCell.swift */; };
		84393AB02133EEC9006B8688 /* DesireTableViewCell.swift in Sources */ = {isa = PBXBuildFile; fileRef = 84393AAF2133EEC9006B8688 /* DesireTableViewCell.swift */; };
		84575E7E2140F4F500DBA043 /* SimilarVideosDataModel.swift in Sources */ = {isa = PBXBuildFile; fileRef = 84575E7D2140F4F500DBA043 /* SimilarVideosDataModel.swift */; };
		84575E802140F50200DBA043 /* SimilarVideosViewModel.swift in Sources */ = {isa = PBXBuildFile; fileRef = 84575E7F2140F50200DBA043 /* SimilarVideosViewModel.swift */; };
		84575E822140F51000DBA043 /* SimilarVideosApiRequest.swift in Sources */ = {isa = PBXBuildFile; fileRef = 84575E812140F51000DBA043 /* SimilarVideosApiRequest.swift */; };
		84575E842140FCD600DBA043 /* SimilarVideosTableViewCell.swift in Sources */ = {isa = PBXBuildFile; fileRef = 84575E832140FCD600DBA043 /* SimilarVideosTableViewCell.swift */; };
		84575E862141776C00DBA043 /* LoginApiRequest.swift in Sources */ = {isa = PBXBuildFile; fileRef = 84575E852141776C00DBA043 /* LoginApiRequest.swift */; };
		84575E882141778100DBA043 /* LoginDataModel.swift in Sources */ = {isa = PBXBuildFile; fileRef = 84575E872141778100DBA043 /* LoginDataModel.swift */; };
		84575E8A2141779900DBA043 /* LoginViewModel.swift in Sources */ = {isa = PBXBuildFile; fileRef = 84575E892141779900DBA043 /* LoginViewModel.swift */; };
		84575E8C2142408600DBA043 /* Api_EndPoint.swift in Sources */ = {isa = PBXBuildFile; fileRef = 84575E8B2142408600DBA043 /* Api_EndPoint.swift */; };
		84575E8E2142732800DBA043 /* CommonApiRequest.swift in Sources */ = {isa = PBXBuildFile; fileRef = 84575E8D2142732800DBA043 /* CommonApiRequest.swift */; };
		84575E912142812C00DBA043 /* SignUp.storyboard in Resources */ = {isa = PBXBuildFile; fileRef = 84575E902142812C00DBA043 /* SignUp.storyboard */; };
		84575E932142816800DBA043 /* SignUpTableViewController.swift in Sources */ = {isa = PBXBuildFile; fileRef = 84575E922142816800DBA043 /* SignUpTableViewController.swift */; };
		845B8217212D294C00DF259F /* AppDelegate.swift in Sources */ = {isa = PBXBuildFile; fileRef = 845B8216212D294C00DF259F /* AppDelegate.swift */; };
		845B8219212D294C00DF259F /* HomeViewController.swift in Sources */ = {isa = PBXBuildFile; fileRef = 845B8218212D294C00DF259F /* HomeViewController.swift */; };
		845B821C212D294C00DF259F /* Main.storyboard in Resources */ = {isa = PBXBuildFile; fileRef = 845B821A212D294C00DF259F /* Main.storyboard */; };
		845B821E212D295100DF259F /* Assets.xcassets in Resources */ = {isa = PBXBuildFile; fileRef = 845B821D212D295100DF259F /* Assets.xcassets */; };
		845B8221212D295100DF259F /* LaunchScreen.storyboard in Resources */ = {isa = PBXBuildFile; fileRef = 845B821F212D295100DF259F /* LaunchScreen.storyboard */; };
		845B822C212D295100DF259F /* GetDonorTests.swift in Sources */ = {isa = PBXBuildFile; fileRef = 845B822B212D295100DF259F /* GetDonorTests.swift */; };
		845B8237212D295100DF259F /* GetDonorUITests.swift in Sources */ = {isa = PBXBuildFile; fileRef = 845B8236212D295100DF259F /* GetDonorUITests.swift */; };
		845B824E212D428300DF259F /* NetworkManager.swift in Sources */ = {isa = PBXBuildFile; fileRef = 845B824B212D428200DF259F /* NetworkManager.swift */; };
		845B824F212D428300DF259F /* URLEncoder.swift in Sources */ = {isa = PBXBuildFile; fileRef = 845B824C212D428300DF259F /* URLEncoder.swift */; };
		845B8250212D428300DF259F /* NetworkLogger.swift in Sources */ = {isa = PBXBuildFile; fileRef = 845B824D212D428300DF259F /* NetworkLogger.swift */; };
		845B8254212D429100DF259F /* FoundationAddations.swift in Sources */ = {isa = PBXBuildFile; fileRef = 845B8251212D429000DF259F /* FoundationAddations.swift */; };
		845B8255212D429100DF259F /* ReusableCellHandler.swift in Sources */ = {isa = PBXBuildFile; fileRef = 845B8252212D429000DF259F /* ReusableCellHandler.swift */; };
		845B8256212D429100DF259F /* ViewAditions.swift in Sources */ = {isa = PBXBuildFile; fileRef = 845B8253212D429100DF259F /* ViewAditions.swift */; };
		845B8259212D453D00DF259F /* HomeListingRequest.swift in Sources */ = {isa = PBXBuildFile; fileRef = 845B8258212D453D00DF259F /* HomeListingRequest.swift */; };
		845B825D212D45E700DF259F /* HomeListingModel.swift in Sources */ = {isa = PBXBuildFile; fileRef = 845B825C212D45E700DF259F /* HomeListingModel.swift */; };
		845B8260212D556500DF259F /* AppConfig.swift in Sources */ = {isa = PBXBuildFile; fileRef = 845B825F212D556500DF259F /* AppConfig.swift */; };
		845B8262212D5A7E00DF259F /* AppBaseURLs.swift in Sources */ = {isa = PBXBuildFile; fileRef = 845B8261212D5A7E00DF259F /* AppBaseURLs.swift */; };
		845B8264212D5EA300DF259F /* HomeListingViewModel.swift in Sources */ = {isa = PBXBuildFile; fileRef = 845B8263212D5EA300DF259F /* HomeListingViewModel.swift */; };
		845B8269212D698900DF259F /* Dictionary+MD5.swift in Sources */ = {isa = PBXBuildFile; fileRef = 845B8268212D698900DF259F /* Dictionary+MD5.swift */; };
		845B826F212D719600DF259F /* MD5Digest.swift in Sources */ = {isa = PBXBuildFile; fileRef = 845B826E212D719600DF259F /* MD5Digest.swift */; };
		8470E4AD213E9F0100B906A0 /* Extension.swift in Sources */ = {isa = PBXBuildFile; fileRef = 8470E4AC213E9F0100B906A0 /* Extension.swift */; };
		8470E4B0213EA2B300B906A0 /* PhotoDetailsViewController.swift in Sources */ = {isa = PBXBuildFile; fileRef = 8470E4AF213EA2B300B906A0 /* PhotoDetailsViewController.swift */; };
		8470E4B2213EA2C600B906A0 /* PhotoDetailsCollectionViewCell.swift in Sources */ = {isa = PBXBuildFile; fileRef = 8470E4B1213EA2C600B906A0 /* PhotoDetailsCollectionViewCell.swift */; };
		848B5F34212FDA2D009D6314 /* PhotosCollectionViewCell.swift in Sources */ = {isa = PBXBuildFile; fileRef = 848B5F33212FDA2D009D6314 /* PhotosCollectionViewCell.swift */; };
		848B5F38212FE564009D6314 /* EventsCollectionViewCell.swift in Sources */ = {isa = PBXBuildFile; fileRef = 848B5F37212FE564009D6314 /* EventsCollectionViewCell.swift */; };
		848B5F3C212FF19F009D6314 /* MoreVideosViewController.swift in Sources */ = {isa = PBXBuildFile; fileRef = 848B5F3B212FF19F009D6314 /* MoreVideosViewController.swift */; };
		848B5F40212FF1F9009D6314 /* Videos.storyboard in Resources */ = {isa = PBXBuildFile; fileRef = 848B5F3F212FF1F9009D6314 /* Videos.storyboard */; };
		848B5F42213006AD009D6314 /* NavigationViewController.swift in Sources */ = {isa = PBXBuildFile; fileRef = 848B5F41213006AD009D6314 /* NavigationViewController.swift */; };
		848B5F4421300D14009D6314 /* Articals.storyboard in Resources */ = {isa = PBXBuildFile; fileRef = 848B5F4321300D14009D6314 /* Articals.storyboard */; };
		848B5F4621300D32009D6314 /* MoreArticalsViewController.swift in Sources */ = {isa = PBXBuildFile; fileRef = 848B5F4521300D32009D6314 /* MoreArticalsViewController.swift */; };
		848B5F4821300D56009D6314 /* MoreEventsViewController.swift in Sources */ = {isa = PBXBuildFile; fileRef = 848B5F4721300D56009D6314 /* MoreEventsViewController.swift */; };
		848B5F4A21300D5F009D6314 /* Events.storyboard in Resources */ = {isa = PBXBuildFile; fileRef = 848B5F4921300D5F009D6314 /* Events.storyboard */; };
		848B5F4D21300DBD009D6314 /* Photos.storyboard in Resources */ = {isa = PBXBuildFile; fileRef = 848B5F4C21300DBD009D6314 /* Photos.storyboard */; };
		848B5F4F21300DCB009D6314 /* MorePhotosViewController.swift in Sources */ = {isa = PBXBuildFile; fileRef = 848B5F4E21300DCB009D6314 /* MorePhotosViewController.swift */; };
		848B5F5121301C1B009D6314 /* BaseViewController.swift in Sources */ = {isa = PBXBuildFile; fileRef = 848B5F5021301C1B009D6314 /* BaseViewController.swift */; };
		848B5F542130273A009D6314 /* ProfileViewController.swift in Sources */ = {isa = PBXBuildFile; fileRef = 848B5F532130273A009D6314 /* ProfileViewController.swift */; };
		848B5F5621302753009D6314 /* Profile.storyboard in Resources */ = {isa = PBXBuildFile; fileRef = 848B5F5521302753009D6314 /* Profile.storyboard */; };
		848B5F5A213036D8009D6314 /* DesireViewController.swift in Sources */ = {isa = PBXBuildFile; fileRef = 848B5F59213036D8009D6314 /* DesireViewController.swift */; };
		848B5F5C2130380C009D6314 /* DesireModel.swift in Sources */ = {isa = PBXBuildFile; fileRef = 848B5F5B2130380C009D6314 /* DesireModel.swift */; };
		848B5F5E21303817009D6314 /* DesireViewModel.swift in Sources */ = {isa = PBXBuildFile; fileRef = 848B5F5D21303817009D6314 /* DesireViewModel.swift */; };
		848B5F602130384C009D6314 /* DesireApiRequest.swift in Sources */ = {isa = PBXBuildFile; fileRef = 848B5F5F2130384C009D6314 /* DesireApiRequest.swift */; };
		849E76CF21428F97005F6859 /* SignUpApiRequest.swift in Sources */ = {isa = PBXBuildFile; fileRef = 849E76CE21428F97005F6859 /* SignUpApiRequest.swift */; };
		849E76D12142AF87005F6859 /* ProfileTableViewController.swift in Sources */ = {isa = PBXBuildFile; fileRef = 849E76D02142AF87005F6859 /* ProfileTableViewController.swift */; };
		84A5EB7D214640CD00C370CF /* MoreEventApiRequest.swift in Sources */ = {isa = PBXBuildFile; fileRef = 84A5EB7C214640CD00C370CF /* MoreEventApiRequest.swift */; };
		84A5EB7F214640DA00C370CF /* MoreEventDataModel.swift in Sources */ = {isa = PBXBuildFile; fileRef = 84A5EB7E214640DA00C370CF /* MoreEventDataModel.swift */; };
		84A5EB81214640F400C370CF /* MoreEventViewModel.swift in Sources */ = {isa = PBXBuildFile; fileRef = 84A5EB80214640F400C370CF /* MoreEventViewModel.swift */; };
		84A5EB832146462C00C370CF /* MoreEventTableViewCell.swift in Sources */ = {isa = PBXBuildFile; fileRef = 84A5EB822146462C00C370CF /* MoreEventTableViewCell.swift */; };
		84AA83AC213513E5007695F9 /* Desire.json in Resources */ = {isa = PBXBuildFile; fileRef = 84AA83AB213513E5007695F9 /* Desire.json */; };
		84AA83B2213546AF007695F9 /* CorousalCollectionViewCell.swift in Sources */ = {isa = PBXBuildFile; fileRef = 84AA83B0213546AF007695F9 /* CorousalCollectionViewCell.swift */; };
		84AA83B3213546AF007695F9 /* CorousalCollectionViewCell.xib in Resources */ = {isa = PBXBuildFile; fileRef = 84AA83B1213546AF007695F9 /* CorousalCollectionViewCell.xib */; };
		84AB781B213E5D300021E311 /* MorePhotosApiRequest.swift in Sources */ = {isa = PBXBuildFile; fileRef = 84AB781A213E5D300021E311 /* MorePhotosApiRequest.swift */; };
		84AB781D213E5D4C0021E311 /* MorePhotosDataModel.swift in Sources */ = {isa = PBXBuildFile; fileRef = 84AB781C213E5D4C0021E311 /* MorePhotosDataModel.swift */; };
		84AB781F213E5D5D0021E311 /* MorePhotosViewModel.swift in Sources */ = {isa = PBXBuildFile; fileRef = 84AB781E213E5D5D0021E311 /* MorePhotosViewModel.swift */; };
		84AB7821213E61030021E311 /* MorePhotosCollectionViewCell.swift in Sources */ = {isa = PBXBuildFile; fileRef = 84AB7820213E61030021E311 /* MorePhotosCollectionViewCell.swift */; };
		84CABD56213D295B0058E1B0 /* MoreVideosTableViewCell.swift in Sources */ = {isa = PBXBuildFile; fileRef = 84CABD55213D295B0058E1B0 /* MoreVideosTableViewCell.swift */; };
		84CABD58213D4D400058E1B0 /* ArticalsTableViewCell.swift in Sources */ = {isa = PBXBuildFile; fileRef = 84CABD57213D4D3F0058E1B0 /* ArticalsTableViewCell.swift */; };
		84CABD5A213D4D580058E1B0 /* ArticalsViewModel.swift in Sources */ = {isa = PBXBuildFile; fileRef = 84CABD59213D4D580058E1B0 /* ArticalsViewModel.swift */; };
		84CABD5C213D4D6D0058E1B0 /* ArticalsDataModel.swift in Sources */ = {isa = PBXBuildFile; fileRef = 84CABD5B213D4D6D0058E1B0 /* ArticalsDataModel.swift */; };
		84CABD5E213D4D7C0058E1B0 /* ArticalsApiRequest.swift in Sources */ = {isa = PBXBuildFile; fileRef = 84CABD5D213D4D7C0058E1B0 /* ArticalsApiRequest.swift */; };
		84CABD61213D63A10058E1B0 /* ArticalDetailsViewController.swift in Sources */ = {isa = PBXBuildFile; fileRef = 84CABD60213D63A10058E1B0 /* ArticalDetailsViewController.swift */; };
		84CABD65213D68E80058E1B0 /* ArticalDetailsCollectionViewCell.swift in Sources */ = {isa = PBXBuildFile; fileRef = 84CABD64213D68E80058E1B0 /* ArticalDetailsCollectionViewCell.swift */; };
		84CABD67213E478F0058E1B0 /* ArticalDeatilsTableViewCell.swift in Sources */ = {isa = PBXBuildFile; fileRef = 84CABD66213E478F0058E1B0 /* ArticalDeatilsTableViewCell.swift */; };
		84CABD69213E47DC0058E1B0 /* ArticalImageTableViewCell.swift in Sources */ = {isa = PBXBuildFile; fileRef = 84CABD68213E47DC0058E1B0 /* ArticalImageTableViewCell.swift */; };
		84E758BA213D16C600414D9C /* MoreVideosDataModel.swift in Sources */ = {isa = PBXBuildFile; fileRef = 84E758B9213D16C600414D9C /* MoreVideosDataModel.swift */; };
		84E758BC213D16DC00414D9C /* MoreVideosViewModel.swift in Sources */ = {isa = PBXBuildFile; fileRef = 84E758BB213D16DC00414D9C /* MoreVideosViewModel.swift */; };
		84E758BE213D16F200414D9C /* MoreVideosApiRequest.swift in Sources */ = {isa = PBXBuildFile; fileRef = 84E758BD213D16F200414D9C /* MoreVideosApiRequest.swift */; };
		84FAEC6B212E8A980099B0AE /* MainTabBarController.swift in Sources */ = {isa = PBXBuildFile; fileRef = 84FAEC6A212E8A980099B0AE /* MainTabBarController.swift */; };
		84FAEC6E212E97550099B0AE /* HomeVideoTableViewCell.swift in Sources */ = {isa = PBXBuildFile; fileRef = 84FAEC6D212E97550099B0AE /* HomeVideoTableViewCell.swift */; };
		84FAEC70212E977D0099B0AE /* HomeArticalTableViewCell.swift in Sources */ = {isa = PBXBuildFile; fileRef = 84FAEC6F212E977D0099B0AE /* HomeArticalTableViewCell.swift */; };
		84FAEC72212E978F0099B0AE /* HomePhotoTableViewCell.swift in Sources */ = {isa = PBXBuildFile; fileRef = 84FAEC71212E978F0099B0AE /* HomePhotoTableViewCell.swift */; };
		84FAEC74212E979C0099B0AE /* HomeEventTableViewCell.swift in Sources */ = {isa = PBXBuildFile; fileRef = 84FAEC73212E979C0099B0AE /* HomeEventTableViewCell.swift */; };
		84FAEC81212EA1640099B0AE /* Muli-Bold.ttf in Resources */ = {isa = PBXBuildFile; fileRef = 84FAEC7C212EA13B0099B0AE /* Muli-Bold.ttf */; };
		84FAEC82212EA1670099B0AE /* Muli-BoldItalic.ttf in Resources */ = {isa = PBXBuildFile; fileRef = 84FAEC7D212EA13D0099B0AE /* Muli-BoldItalic.ttf */; };
		84FAEC83212EA16C0099B0AE /* Muli-ExtraLight.ttf in Resources */ = {isa = PBXBuildFile; fileRef = 84FAEC7E212EA13F0099B0AE /* Muli-ExtraLight.ttf */; };
		84FAEC84212EA1720099B0AE /* Muli-ExtraLightItalic.ttf in Resources */ = {isa = PBXBuildFile; fileRef = 84FAEC7F212EA1400099B0AE /* Muli-ExtraLightItalic.ttf */; };
		84FAEC85212EA1720099B0AE /* Muli-Italic.ttf in Resources */ = {isa = PBXBuildFile; fileRef = 84FAEC7B212EA13A0099B0AE /* Muli-Italic.ttf */; };
		84FAEC86212EA1720099B0AE /* Muli-Light.ttf in Resources */ = {isa = PBXBuildFile; fileRef = 84FAEC7A212EA1390099B0AE /* Muli-Light.ttf */; };
		84FAEC87212EA1720099B0AE /* Muli-LightItalic.ttf in Resources */ = {isa = PBXBuildFile; fileRef = 84FAEC79212EA1380099B0AE /* Muli-LightItalic.ttf */; };
		84FAEC88212EA1720099B0AE /* Muli-Semi-BoldItalic.ttf in Resources */ = {isa = PBXBuildFile; fileRef = 84FAEC76212EA1350099B0AE /* Muli-Semi-BoldItalic.ttf */; };
		84FAEC89212EA1720099B0AE /* Muli-SemiBold.ttf in Resources */ = {isa = PBXBuildFile; fileRef = 84FAEC77212EA1360099B0AE /* Muli-SemiBold.ttf */; };
		84FAEC8A212EA1720099B0AE /* Muli.ttf in Resources */ = {isa = PBXBuildFile; fileRef = 84FAEC78212EA1370099B0AE /* Muli.ttf */; };
		84FAEC8C212EAB000099B0AE /* Font+Extra.swift in Sources */ = {isa = PBXBuildFile; fileRef = 84FAEC8B212EAB000099B0AE /* Font+Extra.swift */; };
		84FAEC8F212EBBF80099B0AE /* ArticalCollectionViewCell.swift in Sources */ = {isa = PBXBuildFile; fileRef = 84FAEC8E212EBBF80099B0AE /* ArticalCollectionViewCell.swift */; };
		84FAEC92212EE2F80099B0AE /* VideosCollectionViewCell.swift in Sources */ = {isa = PBXBuildFile; fileRef = 84FAEC91212EE2F80099B0AE /* VideosCollectionViewCell.swift */; };
		84FF60A2213FA06A005475D3 /* VideoDetailsViewController.swift in Sources */ = {isa = PBXBuildFile; fileRef = 84FF60A1213FA06A005475D3 /* VideoDetailsViewController.swift */; };
		84FF60AA213FBBF6005475D3 /* MorePhotosHeaderCollectionViewCell.swift in Sources */ = {isa = PBXBuildFile; fileRef = 84FF60A9213FBBF6005475D3 /* MorePhotosHeaderCollectionViewCell.swift */; };
		84FF60AF213FDFE9005475D3 /* Login.storyboard in Resources */ = {isa = PBXBuildFile; fileRef = 84FF60AE213FDFE9005475D3 /* Login.storyboard */; };
		84FF60B3213FF0DB005475D3 /* LoginSignUpViewController.swift in Sources */ = {isa = PBXBuildFile; fileRef = 84FF60B2213FF0DB005475D3 /* LoginSignUpViewController.swift */; };
/* End PBXBuildFile section */

/* Begin PBXContainerItemProxy section */
		845B8228212D295100DF259F /* PBXContainerItemProxy */ = {
			isa = PBXContainerItemProxy;
			containerPortal = 845B820B212D294C00DF259F /* Project object */;
			proxyType = 1;
			remoteGlobalIDString = 845B8212212D294C00DF259F;
			remoteInfo = GetDonor;
		};
		845B8233212D295100DF259F /* PBXContainerItemProxy */ = {
			isa = PBXContainerItemProxy;
			containerPortal = 845B820B212D294C00DF259F /* Project object */;
			proxyType = 1;
			remoteGlobalIDString = 845B8212212D294C00DF259F;
			remoteInfo = GetDonor;
		};
/* End PBXContainerItemProxy section */

/* Begin PBXFileReference section */
		28F1A04FF3DFC012137CB152 /* Pods_GetDonorTests.framework */ = {isa = PBXFileReference; explicitFileType = wrapper.framework; includeInIndex = 0; path = Pods_GetDonorTests.framework; sourceTree = BUILT_PRODUCTS_DIR; };
		477D01DAE357342A7F3F9C78 /* Pods-GetDonorTests.release.xcconfig */ = {isa = PBXFileReference; includeInIndex = 1; lastKnownFileType = text.xcconfig; name = "Pods-GetDonorTests.release.xcconfig"; path = "Pods/Target Support Files/Pods-GetDonorTests/Pods-GetDonorTests.release.xcconfig"; sourceTree = "<group>"; };
		56AA2A13D2709333E37600C0 /* Pods-GetDonorUITests.release.xcconfig */ = {isa = PBXFileReference; includeInIndex = 1; lastKnownFileType = text.xcconfig; name = "Pods-GetDonorUITests.release.xcconfig"; path = "Pods/Target Support Files/Pods-GetDonorUITests/Pods-GetDonorUITests.release.xcconfig"; sourceTree = "<group>"; };
		59F683F91654B749E2FD267E /* Pods_GetDonorUITests.framework */ = {isa = PBXFileReference; explicitFileType = wrapper.framework; includeInIndex = 0; path = Pods_GetDonorUITests.framework; sourceTree = BUILT_PRODUCTS_DIR; };
		60CFCA0A5293CAD1BB098AB7 /* Pods_GetDonor.framework */ = {isa = PBXFileReference; explicitFileType = wrapper.framework; includeInIndex = 0; path = Pods_GetDonor.framework; sourceTree = BUILT_PRODUCTS_DIR; };
		84393AAB2133EC6C006B8688 /* CorousalTableViewCell.xib */ = {isa = PBXFileReference; lastKnownFileType = file.xib; path = CorousalTableViewCell.xib; sourceTree = "<group>"; };
		84393AAD2133ED6D006B8688 /* CorousalTableViewCell.swift */ = {isa = PBXFileReference; lastKnownFileType = sourcecode.swift; path = CorousalTableViewCell.swift; sourceTree = "<group>"; };
		84393AAF2133EEC9006B8688 /* DesireTableViewCell.swift */ = {isa = PBXFileReference; lastKnownFileType = sourcecode.swift; path = DesireTableViewCell.swift; sourceTree = "<group>"; };
		84575E7D2140F4F500DBA043 /* SimilarVideosDataModel.swift */ = {isa = PBXFileReference; lastKnownFileType = sourcecode.swift; path = SimilarVideosDataModel.swift; sourceTree = "<group>"; };
		84575E7F2140F50200DBA043 /* SimilarVideosViewModel.swift */ = {isa = PBXFileReference; lastKnownFileType = sourcecode.swift; path = SimilarVideosViewModel.swift; sourceTree = "<group>"; };
		84575E812140F51000DBA043 /* SimilarVideosApiRequest.swift */ = {isa = PBXFileReference; lastKnownFileType = sourcecode.swift; path = SimilarVideosApiRequest.swift; sourceTree = "<group>"; };
		84575E832140FCD600DBA043 /* SimilarVideosTableViewCell.swift */ = {isa = PBXFileReference; lastKnownFileType = sourcecode.swift; path = SimilarVideosTableViewCell.swift; sourceTree = "<group>"; };
		84575E852141776C00DBA043 /* LoginApiRequest.swift */ = {isa = PBXFileReference; lastKnownFileType = sourcecode.swift; path = LoginApiRequest.swift; sourceTree = "<group>"; };
		84575E872141778100DBA043 /* LoginDataModel.swift */ = {isa = PBXFileReference; lastKnownFileType = sourcecode.swift; path = LoginDataModel.swift; sourceTree = "<group>"; };
		84575E892141779900DBA043 /* LoginViewModel.swift */ = {isa = PBXFileReference; lastKnownFileType = sourcecode.swift; path = LoginViewModel.swift; sourceTree = "<group>"; };
		84575E8B2142408600DBA043 /* Api_EndPoint.swift */ = {isa = PBXFileReference; lastKnownFileType = sourcecode.swift; path = Api_EndPoint.swift; sourceTree = "<group>"; };
		84575E8D2142732800DBA043 /* CommonApiRequest.swift */ = {isa = PBXFileReference; lastKnownFileType = sourcecode.swift; path = CommonApiRequest.swift; sourceTree = "<group>"; };
		84575E902142812C00DBA043 /* SignUp.storyboard */ = {isa = PBXFileReference; lastKnownFileType = file.storyboard; path = SignUp.storyboard; sourceTree = "<group>"; };
		84575E922142816800DBA043 /* SignUpTableViewController.swift */ = {isa = PBXFileReference; lastKnownFileType = sourcecode.swift; path = SignUpTableViewController.swift; sourceTree = "<group>"; };
		845B8213212D294C00DF259F /* GetDonor.app */ = {isa = PBXFileReference; explicitFileType = wrapper.application; includeInIndex = 0; path = GetDonor.app; sourceTree = BUILT_PRODUCTS_DIR; };
		845B8216212D294C00DF259F /* AppDelegate.swift */ = {isa = PBXFileReference; lastKnownFileType = sourcecode.swift; path = AppDelegate.swift; sourceTree = "<group>"; };
		845B8218212D294C00DF259F /* HomeViewController.swift */ = {isa = PBXFileReference; lastKnownFileType = sourcecode.swift; path = HomeViewController.swift; sourceTree = "<group>"; };
		845B821B212D294C00DF259F /* Base */ = {isa = PBXFileReference; lastKnownFileType = file.storyboard; name = Base; path = Base.lproj/Main.storyboard; sourceTree = "<group>"; };
		845B821D212D295100DF259F /* Assets.xcassets */ = {isa = PBXFileReference; lastKnownFileType = folder.assetcatalog; path = Assets.xcassets; sourceTree = "<group>"; };
		845B8220212D295100DF259F /* Base */ = {isa = PBXFileReference; lastKnownFileType = file.storyboard; name = Base; path = Base.lproj/LaunchScreen.storyboard; sourceTree = "<group>"; };
		845B8222212D295100DF259F /* Info.plist */ = {isa = PBXFileReference; lastKnownFileType = text.plist.xml; path = Info.plist; sourceTree = "<group>"; };
		845B8227212D295100DF259F /* GetDonorTests.xctest */ = {isa = PBXFileReference; explicitFileType = wrapper.cfbundle; includeInIndex = 0; path = GetDonorTests.xctest; sourceTree = BUILT_PRODUCTS_DIR; };
		845B822B212D295100DF259F /* GetDonorTests.swift */ = {isa = PBXFileReference; lastKnownFileType = sourcecode.swift; path = GetDonorTests.swift; sourceTree = "<group>"; };
		845B822D212D295100DF259F /* Info.plist */ = {isa = PBXFileReference; lastKnownFileType = text.plist.xml; path = Info.plist; sourceTree = "<group>"; };
		845B8232212D295100DF259F /* GetDonorUITests.xctest */ = {isa = PBXFileReference; explicitFileType = wrapper.cfbundle; includeInIndex = 0; path = GetDonorUITests.xctest; sourceTree = BUILT_PRODUCTS_DIR; };
		845B8236212D295100DF259F /* GetDonorUITests.swift */ = {isa = PBXFileReference; lastKnownFileType = sourcecode.swift; path = GetDonorUITests.swift; sourceTree = "<group>"; };
		845B8238212D295100DF259F /* Info.plist */ = {isa = PBXFileReference; lastKnownFileType = text.plist.xml; path = Info.plist; sourceTree = "<group>"; };
		845B824B212D428200DF259F /* NetworkManager.swift */ = {isa = PBXFileReference; fileEncoding = 4; lastKnownFileType = sourcecode.swift; path = NetworkManager.swift; sourceTree = "<group>"; };
		845B824C212D428300DF259F /* URLEncoder.swift */ = {isa = PBXFileReference; fileEncoding = 4; lastKnownFileType = sourcecode.swift; path = URLEncoder.swift; sourceTree = "<group>"; };
		845B824D212D428300DF259F /* NetworkLogger.swift */ = {isa = PBXFileReference; fileEncoding = 4; lastKnownFileType = sourcecode.swift; path = NetworkLogger.swift; sourceTree = "<group>"; };
		845B8251212D429000DF259F /* FoundationAddations.swift */ = {isa = PBXFileReference; fileEncoding = 4; lastKnownFileType = sourcecode.swift; path = FoundationAddations.swift; sourceTree = "<group>"; };
		845B8252212D429000DF259F /* ReusableCellHandler.swift */ = {isa = PBXFileReference; fileEncoding = 4; lastKnownFileType = sourcecode.swift; path = ReusableCellHandler.swift; sourceTree = "<group>"; };
		845B8253212D429100DF259F /* ViewAditions.swift */ = {isa = PBXFileReference; fileEncoding = 4; lastKnownFileType = sourcecode.swift; path = ViewAditions.swift; sourceTree = "<group>"; };
		845B8258212D453D00DF259F /* HomeListingRequest.swift */ = {isa = PBXFileReference; lastKnownFileType = sourcecode.swift; path = HomeListingRequest.swift; sourceTree = "<group>"; };
		845B825C212D45E700DF259F /* HomeListingModel.swift */ = {isa = PBXFileReference; lastKnownFileType = sourcecode.swift; path = HomeListingModel.swift; sourceTree = "<group>"; };
		845B825F212D556500DF259F /* AppConfig.swift */ = {isa = PBXFileReference; lastKnownFileType = sourcecode.swift; path = AppConfig.swift; sourceTree = "<group>"; };
		845B8261212D5A7E00DF259F /* AppBaseURLs.swift */ = {isa = PBXFileReference; lastKnownFileType = sourcecode.swift; path = AppBaseURLs.swift; sourceTree = "<group>"; };
		845B8263212D5EA300DF259F /* HomeListingViewModel.swift */ = {isa = PBXFileReference; lastKnownFileType = sourcecode.swift; path = HomeListingViewModel.swift; sourceTree = "<group>"; };
		845B8268212D698900DF259F /* Dictionary+MD5.swift */ = {isa = PBXFileReference; lastKnownFileType = sourcecode.swift; path = "Dictionary+MD5.swift"; sourceTree = "<group>"; };
		845B826E212D719600DF259F /* MD5Digest.swift */ = {isa = PBXFileReference; lastKnownFileType = sourcecode.swift; path = MD5Digest.swift; sourceTree = "<group>"; };
		8470E4AC213E9F0100B906A0 /* Extension.swift */ = {isa = PBXFileReference; lastKnownFileType = sourcecode.swift; path = Extension.swift; sourceTree = "<group>"; };
		8470E4AF213EA2B300B906A0 /* PhotoDetailsViewController.swift */ = {isa = PBXFileReference; lastKnownFileType = sourcecode.swift; path = PhotoDetailsViewController.swift; sourceTree = "<group>"; };
		8470E4B1213EA2C600B906A0 /* PhotoDetailsCollectionViewCell.swift */ = {isa = PBXFileReference; lastKnownFileType = sourcecode.swift; path = PhotoDetailsCollectionViewCell.swift; sourceTree = "<group>"; };
		848B5F33212FDA2D009D6314 /* PhotosCollectionViewCell.swift */ = {isa = PBXFileReference; lastKnownFileType = sourcecode.swift; path = PhotosCollectionViewCell.swift; sourceTree = "<group>"; };
		848B5F37212FE564009D6314 /* EventsCollectionViewCell.swift */ = {isa = PBXFileReference; lastKnownFileType = sourcecode.swift; path = EventsCollectionViewCell.swift; sourceTree = "<group>"; };
		848B5F3B212FF19F009D6314 /* MoreVideosViewController.swift */ = {isa = PBXFileReference; lastKnownFileType = sourcecode.swift; path = MoreVideosViewController.swift; sourceTree = "<group>"; };
		848B5F3F212FF1F9009D6314 /* Videos.storyboard */ = {isa = PBXFileReference; lastKnownFileType = file.storyboard; path = Videos.storyboard; sourceTree = "<group>"; };
		848B5F41213006AD009D6314 /* NavigationViewController.swift */ = {isa = PBXFileReference; lastKnownFileType = sourcecode.swift; path = NavigationViewController.swift; sourceTree = "<group>"; };
		848B5F4321300D14009D6314 /* Articals.storyboard */ = {isa = PBXFileReference; lastKnownFileType = file.storyboard; path = Articals.storyboard; sourceTree = "<group>"; };
		848B5F4521300D32009D6314 /* MoreArticalsViewController.swift */ = {isa = PBXFileReference; lastKnownFileType = sourcecode.swift; path = MoreArticalsViewController.swift; sourceTree = "<group>"; };
		848B5F4721300D56009D6314 /* MoreEventsViewController.swift */ = {isa = PBXFileReference; lastKnownFileType = sourcecode.swift; path = MoreEventsViewController.swift; sourceTree = "<group>"; };
		848B5F4921300D5F009D6314 /* Events.storyboard */ = {isa = PBXFileReference; lastKnownFileType = file.storyboard; path = Events.storyboard; sourceTree = "<group>"; };
		848B5F4C21300DBD009D6314 /* Photos.storyboard */ = {isa = PBXFileReference; lastKnownFileType = file.storyboard; path = Photos.storyboard; sourceTree = "<group>"; };
		848B5F4E21300DCB009D6314 /* MorePhotosViewController.swift */ = {isa = PBXFileReference; lastKnownFileType = sourcecode.swift; path = MorePhotosViewController.swift; sourceTree = "<group>"; };
		848B5F5021301C1B009D6314 /* BaseViewController.swift */ = {isa = PBXFileReference; lastKnownFileType = sourcecode.swift; path = BaseViewController.swift; sourceTree = "<group>"; };
		848B5F532130273A009D6314 /* ProfileViewController.swift */ = {isa = PBXFileReference; lastKnownFileType = sourcecode.swift; path = ProfileViewController.swift; sourceTree = "<group>"; };
		848B5F5521302753009D6314 /* Profile.storyboard */ = {isa = PBXFileReference; lastKnownFileType = file.storyboard; path = Profile.storyboard; sourceTree = "<group>"; };
		848B5F59213036D8009D6314 /* DesireViewController.swift */ = {isa = PBXFileReference; lastKnownFileType = sourcecode.swift; path = DesireViewController.swift; sourceTree = "<group>"; };
		848B5F5B2130380C009D6314 /* DesireModel.swift */ = {isa = PBXFileReference; lastKnownFileType = sourcecode.swift; path = DesireModel.swift; sourceTree = "<group>"; };
		848B5F5D21303817009D6314 /* DesireViewModel.swift */ = {isa = PBXFileReference; lastKnownFileType = sourcecode.swift; path = DesireViewModel.swift; sourceTree = "<group>"; };
		848B5F5F2130384C009D6314 /* DesireApiRequest.swift */ = {isa = PBXFileReference; lastKnownFileType = sourcecode.swift; path = DesireApiRequest.swift; sourceTree = "<group>"; };
		849E76CE21428F97005F6859 /* SignUpApiRequest.swift */ = {isa = PBXFileReference; lastKnownFileType = sourcecode.swift; path = SignUpApiRequest.swift; sourceTree = "<group>"; };
		849E76D02142AF87005F6859 /* ProfileTableViewController.swift */ = {isa = PBXFileReference; lastKnownFileType = sourcecode.swift; path = ProfileTableViewController.swift; sourceTree = "<group>"; };
		84A5EB7C214640CD00C370CF /* MoreEventApiRequest.swift */ = {isa = PBXFileReference; lastKnownFileType = sourcecode.swift; path = MoreEventApiRequest.swift; sourceTree = "<group>"; };
		84A5EB7E214640DA00C370CF /* MoreEventDataModel.swift */ = {isa = PBXFileReference; lastKnownFileType = sourcecode.swift; path = MoreEventDataModel.swift; sourceTree = "<group>"; };
		84A5EB80214640F400C370CF /* MoreEventViewModel.swift */ = {isa = PBXFileReference; lastKnownFileType = sourcecode.swift; path = MoreEventViewModel.swift; sourceTree = "<group>"; };
		84A5EB822146462C00C370CF /* MoreEventTableViewCell.swift */ = {isa = PBXFileReference; lastKnownFileType = sourcecode.swift; path = MoreEventTableViewCell.swift; sourceTree = "<group>"; };
		84AA83AB213513E5007695F9 /* Desire.json */ = {isa = PBXFileReference; lastKnownFileType = text.json; path = Desire.json; sourceTree = "<group>"; };
		84AA83B0213546AF007695F9 /* CorousalCollectionViewCell.swift */ = {isa = PBXFileReference; lastKnownFileType = sourcecode.swift; path = CorousalCollectionViewCell.swift; sourceTree = "<group>"; };
		84AA83B1213546AF007695F9 /* CorousalCollectionViewCell.xib */ = {isa = PBXFileReference; lastKnownFileType = file.xib; path = CorousalCollectionViewCell.xib; sourceTree = "<group>"; };
		84AB781A213E5D300021E311 /* MorePhotosApiRequest.swift */ = {isa = PBXFileReference; lastKnownFileType = sourcecode.swift; path = MorePhotosApiRequest.swift; sourceTree = "<group>"; };
		84AB781C213E5D4C0021E311 /* MorePhotosDataModel.swift */ = {isa = PBXFileReference; lastKnownFileType = sourcecode.swift; path = MorePhotosDataModel.swift; sourceTree = "<group>"; };
		84AB781E213E5D5D0021E311 /* MorePhotosViewModel.swift */ = {isa = PBXFileReference; lastKnownFileType = sourcecode.swift; path = MorePhotosViewModel.swift; sourceTree = "<group>"; };
		84AB7820213E61030021E311 /* MorePhotosCollectionViewCell.swift */ = {isa = PBXFileReference; lastKnownFileType = sourcecode.swift; path = MorePhotosCollectionViewCell.swift; sourceTree = "<group>"; };
		84CABD55213D295B0058E1B0 /* MoreVideosTableViewCell.swift */ = {isa = PBXFileReference; lastKnownFileType = sourcecode.swift; path = MoreVideosTableViewCell.swift; sourceTree = "<group>"; };
		84CABD57213D4D3F0058E1B0 /* ArticalsTableViewCell.swift */ = {isa = PBXFileReference; lastKnownFileType = sourcecode.swift; path = ArticalsTableViewCell.swift; sourceTree = "<group>"; };
		84CABD59213D4D580058E1B0 /* ArticalsViewModel.swift */ = {isa = PBXFileReference; lastKnownFileType = sourcecode.swift; path = ArticalsViewModel.swift; sourceTree = "<group>"; };
		84CABD5B213D4D6D0058E1B0 /* ArticalsDataModel.swift */ = {isa = PBXFileReference; lastKnownFileType = sourcecode.swift; path = ArticalsDataModel.swift; sourceTree = "<group>"; };
		84CABD5D213D4D7C0058E1B0 /* ArticalsApiRequest.swift */ = {isa = PBXFileReference; lastKnownFileType = sourcecode.swift; path = ArticalsApiRequest.swift; sourceTree = "<group>"; };
		84CABD60213D63A10058E1B0 /* ArticalDetailsViewController.swift */ = {isa = PBXFileReference; lastKnownFileType = sourcecode.swift; path = ArticalDetailsViewController.swift; sourceTree = "<group>"; };
		84CABD64213D68E80058E1B0 /* ArticalDetailsCollectionViewCell.swift */ = {isa = PBXFileReference; lastKnownFileType = sourcecode.swift; path = ArticalDetailsCollectionViewCell.swift; sourceTree = "<group>"; };
		84CABD66213E478F0058E1B0 /* ArticalDeatilsTableViewCell.swift */ = {isa = PBXFileReference; lastKnownFileType = sourcecode.swift; path = ArticalDeatilsTableViewCell.swift; sourceTree = "<group>"; };
		84CABD68213E47DC0058E1B0 /* ArticalImageTableViewCell.swift */ = {isa = PBXFileReference; lastKnownFileType = sourcecode.swift; path = ArticalImageTableViewCell.swift; sourceTree = "<group>"; };
		84E758B9213D16C600414D9C /* MoreVideosDataModel.swift */ = {isa = PBXFileReference; lastKnownFileType = sourcecode.swift; path = MoreVideosDataModel.swift; sourceTree = "<group>"; };
		84E758BB213D16DC00414D9C /* MoreVideosViewModel.swift */ = {isa = PBXFileReference; lastKnownFileType = sourcecode.swift; path = MoreVideosViewModel.swift; sourceTree = "<group>"; };
		84E758BD213D16F200414D9C /* MoreVideosApiRequest.swift */ = {isa = PBXFileReference; lastKnownFileType = sourcecode.swift; path = MoreVideosApiRequest.swift; sourceTree = "<group>"; };
		84FAEC6A212E8A980099B0AE /* MainTabBarController.swift */ = {isa = PBXFileReference; lastKnownFileType = sourcecode.swift; path = MainTabBarController.swift; sourceTree = "<group>"; };
		84FAEC6D212E97550099B0AE /* HomeVideoTableViewCell.swift */ = {isa = PBXFileReference; lastKnownFileType = sourcecode.swift; path = HomeVideoTableViewCell.swift; sourceTree = "<group>"; };
		84FAEC6F212E977D0099B0AE /* HomeArticalTableViewCell.swift */ = {isa = PBXFileReference; lastKnownFileType = sourcecode.swift; path = HomeArticalTableViewCell.swift; sourceTree = "<group>"; };
		84FAEC71212E978F0099B0AE /* HomePhotoTableViewCell.swift */ = {isa = PBXFileReference; lastKnownFileType = sourcecode.swift; path = HomePhotoTableViewCell.swift; sourceTree = "<group>"; };
		84FAEC73212E979C0099B0AE /* HomeEventTableViewCell.swift */ = {isa = PBXFileReference; lastKnownFileType = sourcecode.swift; path = HomeEventTableViewCell.swift; sourceTree = "<group>"; };
		84FAEC76212EA1350099B0AE /* Muli-Semi-BoldItalic.ttf */ = {isa = PBXFileReference; lastKnownFileType = file; path = "Muli-Semi-BoldItalic.ttf"; sourceTree = "<group>"; };
		84FAEC77212EA1360099B0AE /* Muli-SemiBold.ttf */ = {isa = PBXFileReference; lastKnownFileType = file; path = "Muli-SemiBold.ttf"; sourceTree = "<group>"; };
		84FAEC78212EA1370099B0AE /* Muli.ttf */ = {isa = PBXFileReference; lastKnownFileType = file; path = Muli.ttf; sourceTree = "<group>"; };
		84FAEC79212EA1380099B0AE /* Muli-LightItalic.ttf */ = {isa = PBXFileReference; lastKnownFileType = file; path = "Muli-LightItalic.ttf"; sourceTree = "<group>"; };
		84FAEC7A212EA1390099B0AE /* Muli-Light.ttf */ = {isa = PBXFileReference; lastKnownFileType = file; path = "Muli-Light.ttf"; sourceTree = "<group>"; };
		84FAEC7B212EA13A0099B0AE /* Muli-Italic.ttf */ = {isa = PBXFileReference; lastKnownFileType = file; path = "Muli-Italic.ttf"; sourceTree = "<group>"; };
		84FAEC7C212EA13B0099B0AE /* Muli-Bold.ttf */ = {isa = PBXFileReference; lastKnownFileType = file; path = "Muli-Bold.ttf"; sourceTree = "<group>"; };
		84FAEC7D212EA13D0099B0AE /* Muli-BoldItalic.ttf */ = {isa = PBXFileReference; lastKnownFileType = file; path = "Muli-BoldItalic.ttf"; sourceTree = "<group>"; };
		84FAEC7E212EA13F0099B0AE /* Muli-ExtraLight.ttf */ = {isa = PBXFileReference; lastKnownFileType = file; path = "Muli-ExtraLight.ttf"; sourceTree = "<group>"; };
		84FAEC7F212EA1400099B0AE /* Muli-ExtraLightItalic.ttf */ = {isa = PBXFileReference; lastKnownFileType = file; path = "Muli-ExtraLightItalic.ttf"; sourceTree = "<group>"; };
		84FAEC8B212EAB000099B0AE /* Font+Extra.swift */ = {isa = PBXFileReference; lastKnownFileType = sourcecode.swift; path = "Font+Extra.swift"; sourceTree = "<group>"; };
		84FAEC8E212EBBF80099B0AE /* ArticalCollectionViewCell.swift */ = {isa = PBXFileReference; lastKnownFileType = sourcecode.swift; path = ArticalCollectionViewCell.swift; sourceTree = "<group>"; };
		84FAEC91212EE2F80099B0AE /* VideosCollectionViewCell.swift */ = {isa = PBXFileReference; lastKnownFileType = sourcecode.swift; path = VideosCollectionViewCell.swift; sourceTree = "<group>"; };
		84FF60A1213FA06A005475D3 /* VideoDetailsViewController.swift */ = {isa = PBXFileReference; lastKnownFileType = sourcecode.swift; path = VideoDetailsViewController.swift; sourceTree = "<group>"; };
		84FF60A9213FBBF6005475D3 /* MorePhotosHeaderCollectionViewCell.swift */ = {isa = PBXFileReference; lastKnownFileType = sourcecode.swift; path = MorePhotosHeaderCollectionViewCell.swift; sourceTree = "<group>"; };
		84FF60AE213FDFE9005475D3 /* Login.storyboard */ = {isa = PBXFileReference; lastKnownFileType = file.storyboard; path = Login.storyboard; sourceTree = "<group>"; };
		84FF60B2213FF0DB005475D3 /* LoginSignUpViewController.swift */ = {isa = PBXFileReference; lastKnownFileType = sourcecode.swift; path = LoginSignUpViewController.swift; sourceTree = "<group>"; };
		AC2A7B4D20C629AD3A984E09 /* Pods-GetDonor.debug.xcconfig */ = {isa = PBXFileReference; includeInIndex = 1; lastKnownFileType = text.xcconfig; name = "Pods-GetDonor.debug.xcconfig"; path = "Pods/Target Support Files/Pods-GetDonor/Pods-GetDonor.debug.xcconfig"; sourceTree = "<group>"; };
		BAAC154788486A1DE6FC593C /* Pods-GetDonor.release.xcconfig */ = {isa = PBXFileReference; includeInIndex = 1; lastKnownFileType = text.xcconfig; name = "Pods-GetDonor.release.xcconfig"; path = "Pods/Target Support Files/Pods-GetDonor/Pods-GetDonor.release.xcconfig"; sourceTree = "<group>"; };
		D76A0CAEB59A6E7768DB79D0 /* Pods-GetDonorTests.debug.xcconfig */ = {isa = PBXFileReference; includeInIndex = 1; lastKnownFileType = text.xcconfig; name = "Pods-GetDonorTests.debug.xcconfig"; path = "Pods/Target Support Files/Pods-GetDonorTests/Pods-GetDonorTests.debug.xcconfig"; sourceTree = "<group>"; };
		F52B16FA7A004FC4FE674547 /* Pods-GetDonorUITests.debug.xcconfig */ = {isa = PBXFileReference; includeInIndex = 1; lastKnownFileType = text.xcconfig; name = "Pods-GetDonorUITests.debug.xcconfig"; path = "Pods/Target Support Files/Pods-GetDonorUITests/Pods-GetDonorUITests.debug.xcconfig"; sourceTree = "<group>"; };
/* End PBXFileReference section */

/* Begin PBXFrameworksBuildPhase section */
		845B8210212D294C00DF259F /* Frameworks */ = {
			isa = PBXFrameworksBuildPhase;
			buildActionMask = 2147483647;
			files = (
				2A21B702C9D6B4596D357F2C /* Pods_GetDonor.framework in Frameworks */,
			);
			runOnlyForDeploymentPostprocessing = 0;
		};
		845B8224212D295100DF259F /* Frameworks */ = {
			isa = PBXFrameworksBuildPhase;
			buildActionMask = 2147483647;
			files = (
				316362938DC3CB16D4A035E6 /* Pods_GetDonorTests.framework in Frameworks */,
			);
			runOnlyForDeploymentPostprocessing = 0;
		};
		845B822F212D295100DF259F /* Frameworks */ = {
			isa = PBXFrameworksBuildPhase;
			buildActionMask = 2147483647;
			files = (
				09761522907E0247BDBB9EFF /* Pods_GetDonorUITests.framework in Frameworks */,
			);
			runOnlyForDeploymentPostprocessing = 0;
		};
/* End PBXFrameworksBuildPhase section */

/* Begin PBXGroup section */
		44E6982950A6D1558DEF7EA6 /* Pods */ = {
			isa = PBXGroup;
			children = (
				AC2A7B4D20C629AD3A984E09 /* Pods-GetDonor.debug.xcconfig */,
				BAAC154788486A1DE6FC593C /* Pods-GetDonor.release.xcconfig */,
				D76A0CAEB59A6E7768DB79D0 /* Pods-GetDonorTests.debug.xcconfig */,
				477D01DAE357342A7F3F9C78 /* Pods-GetDonorTests.release.xcconfig */,
				F52B16FA7A004FC4FE674547 /* Pods-GetDonorUITests.debug.xcconfig */,
				56AA2A13D2709333E37600C0 /* Pods-GetDonorUITests.release.xcconfig */,
			);
			name = Pods;
			sourceTree = "<group>";
		};
		62A9F124D2D29876700AF89A /* Frameworks */ = {
			isa = PBXGroup;
			children = (
				60CFCA0A5293CAD1BB098AB7 /* Pods_GetDonor.framework */,
				28F1A04FF3DFC012137CB152 /* Pods_GetDonorTests.framework */,
				59F683F91654B749E2FD267E /* Pods_GetDonorUITests.framework */,
			);
			name = Frameworks;
			sourceTree = "<group>";
		};
		84575E8F2142810B00DBA043 /* SignUp */ = {
			isa = PBXGroup;
			children = (
				84575E902142812C00DBA043 /* SignUp.storyboard */,
				84575E922142816800DBA043 /* SignUpTableViewController.swift */,
				849E76CE21428F97005F6859 /* SignUpApiRequest.swift */,
			);
			name = SignUp;
			path = HomeScreen/SignUp;
			sourceTree = "<group>";
		};
		845B820A212D294C00DF259F = {
			isa = PBXGroup;
			children = (
				845B8215212D294C00DF259F /* GetDonor */,
				845B822A212D295100DF259F /* GetDonorTests */,
				845B8235212D295100DF259F /* GetDonorUITests */,
				845B8214212D294C00DF259F /* Products */,
				44E6982950A6D1558DEF7EA6 /* Pods */,
				62A9F124D2D29876700AF89A /* Frameworks */,
			);
			sourceTree = "<group>";
		};
		845B8214212D294C00DF259F /* Products */ = {
			isa = PBXGroup;
			children = (
				845B8213212D294C00DF259F /* GetDonor.app */,
				845B8227212D295100DF259F /* GetDonorTests.xctest */,
				845B8232212D295100DF259F /* GetDonorUITests.xctest */,
			);
			name = Products;
			sourceTree = "<group>";
		};
		845B8215212D294C00DF259F /* GetDonor */ = {
			isa = PBXGroup;
			children = (
				845B8246212D29AA00DF259F /* UIClasses */,
				845B8245212D29A100DF259F /* Networking */,
				845B8244212D299800DF259F /* Extensions */,
				845B8265212D688500DF259F /* Utilites */,
				84FAEC75212EA1230099B0AE /* Resources */,
				845B825E212D555100DF259F /* AppConfig */,
				845B821D212D295100DF259F /* Assets.xcassets */,
				845B821F212D295100DF259F /* LaunchScreen.storyboard */,
				845B8222212D295100DF259F /* Info.plist */,
			);
			path = GetDonor;
			sourceTree = "<group>";
		};
		845B822A212D295100DF259F /* GetDonorTests */ = {
			isa = PBXGroup;
			children = (
				845B822B212D295100DF259F /* GetDonorTests.swift */,
				845B822D212D295100DF259F /* Info.plist */,
			);
			path = GetDonorTests;
			sourceTree = "<group>";
		};
		845B8235212D295100DF259F /* GetDonorUITests */ = {
			isa = PBXGroup;
			children = (
				845B8236212D295100DF259F /* GetDonorUITests.swift */,
				845B8238212D295100DF259F /* Info.plist */,
			);
			path = GetDonorUITests;
			sourceTree = "<group>";
		};
		845B8244212D299800DF259F /* Extensions */ = {
			isa = PBXGroup;
			children = (
				845B8251212D429000DF259F /* FoundationAddations.swift */,
				845B8252212D429000DF259F /* ReusableCellHandler.swift */,
				845B8253212D429100DF259F /* ViewAditions.swift */,
				845B8268212D698900DF259F /* Dictionary+MD5.swift */,
				84FAEC8B212EAB000099B0AE /* Font+Extra.swift */,
				8470E4AC213E9F0100B906A0 /* Extension.swift */,
			);
			path = Extensions;
			sourceTree = "<group>";
		};
		845B8245212D29A100DF259F /* Networking */ = {
			isa = PBXGroup;
			children = (
				845B824D212D428300DF259F /* NetworkLogger.swift */,
				845B824B212D428200DF259F /* NetworkManager.swift */,
				845B824C212D428300DF259F /* URLEncoder.swift */,
				845B8261212D5A7E00DF259F /* AppBaseURLs.swift */,
				84575E8B2142408600DBA043 /* Api_EndPoint.swift */,
				84575E8D2142732800DBA043 /* CommonApiRequest.swift */,
			);
			path = Networking;
			sourceTree = "<group>";
		};
		845B8246212D29AA00DF259F /* UIClasses */ = {
			isa = PBXGroup;
			children = (
				845B8216212D294C00DF259F /* AppDelegate.swift */,
				845B821A212D294C00DF259F /* Main.storyboard */,
				84575E8F2142810B00DBA043 /* SignUp */,
				84FF60AB213FDFBA005475D3 /* Login */,
				845B8247212D29D800DF259F /* HomeScreen */,
				845B8249212D30CC00DF259F /* SearchDonor */,
				845B824A212D30CC00DF259F /* Donate */,
				845B8248212D30CC00DF259F /* Desire */,
				84AA83AD213541A9007695F9 /* CustomeCell */,
			);
			path = UIClasses;
			sourceTree = "<group>";
		};
		845B8247212D29D800DF259F /* HomeScreen */ = {
			isa = PBXGroup;
			children = (
				848B5F5021301C1B009D6314 /* BaseViewController.swift */,
				84FAEC6A212E8A980099B0AE /* MainTabBarController.swift */,
				848B5F41213006AD009D6314 /* NavigationViewController.swift */,
				848B5F522130271F009D6314 /* ProfileScreen */,
				848B5F3A212FF15D009D6314 /* Home */,
				848B5F39212FF12A009D6314 /* MoreVideos */,
				848B5F3D212FF1DE009D6314 /* MoreArticals */,
				848B5F4B21300DB0009D6314 /* MorePhotos */,
				848B5F3E212FF1DE009D6314 /* MoreEvents */,
			);
			path = HomeScreen;
			sourceTree = "<group>";
		};
		845B8248212D30CC00DF259F /* Desire */ = {
			isa = PBXGroup;
			children = (
				848B5F59213036D8009D6314 /* DesireViewController.swift */,
				848B5F5B2130380C009D6314 /* DesireModel.swift */,
				848B5F5D21303817009D6314 /* DesireViewModel.swift */,
				848B5F5F2130384C009D6314 /* DesireApiRequest.swift */,
				84393AAF2133EEC9006B8688 /* DesireTableViewCell.swift */,
				84AA83AB213513E5007695F9 /* Desire.json */,
			);
			path = Desire;
			sourceTree = "<group>";
		};
		845B8249212D30CC00DF259F /* SearchDonor */ = {
			isa = PBXGroup;
			children = (
			);
			path = SearchDonor;
			sourceTree = "<group>";
		};
		845B824A212D30CC00DF259F /* Donate */ = {
			isa = PBXGroup;
			children = (
			);
			path = Donate;
			sourceTree = "<group>";
		};
		845B8257212D42D500DF259F /* WebRequest */ = {
			isa = PBXGroup;
			children = (
				845B8258212D453D00DF259F /* HomeListingRequest.swift */,
			);
			path = WebRequest;
			sourceTree = "<group>";
		};
		845B825A212D45C700DF259F /* HomeListingViewModel */ = {
			isa = PBXGroup;
			children = (
				845B8263212D5EA300DF259F /* HomeListingViewModel.swift */,
			);
			path = HomeListingViewModel;
			sourceTree = "<group>";
		};
		845B825B212D45C700DF259F /* HomeListingModel */ = {
			isa = PBXGroup;
			children = (
				845B825C212D45E700DF259F /* HomeListingModel.swift */,
			);
			path = HomeListingModel;
			sourceTree = "<group>";
		};
		845B825E212D555100DF259F /* AppConfig */ = {
			isa = PBXGroup;
			children = (
				845B825F212D556500DF259F /* AppConfig.swift */,
			);
			name = AppConfig;
			path = UIClasses/AppConfig;
			sourceTree = "<group>";
		};
		845B8265212D688500DF259F /* Utilites */ = {
			isa = PBXGroup;
			children = (
				845B826E212D719600DF259F /* MD5Digest.swift */,
			);
			name = Utilites;
			path = UIClasses/Utilites;
			sourceTree = "<group>";
		};
		8470E4AE213EA20600B906A0 /* PhotoDetails */ = {
			isa = PBXGroup;
			children = (
				8470E4AF213EA2B300B906A0 /* PhotoDetailsViewController.swift */,
				8470E4B1213EA2C600B906A0 /* PhotoDetailsCollectionViewCell.swift */,
			);
			path = PhotoDetails;
			sourceTree = "<group>";
		};
		848B5F35212FDA53009D6314 /* PhotosCell */ = {
			isa = PBXGroup;
			children = (
				84FAEC71212E978F0099B0AE /* HomePhotoTableViewCell.swift */,
				848B5F33212FDA2D009D6314 /* PhotosCollectionViewCell.swift */,
			);
			path = PhotosCell;
			sourceTree = "<group>";
		};
		848B5F36212FDA53009D6314 /* EventCell */ = {
			isa = PBXGroup;
			children = (
				84FAEC73212E979C0099B0AE /* HomeEventTableViewCell.swift */,
				848B5F37212FE564009D6314 /* EventsCollectionViewCell.swift */,
			);
			path = EventCell;
			sourceTree = "<group>";
		};
		848B5F39212FF12A009D6314 /* MoreVideos */ = {
			isa = PBXGroup;
			children = (
				84FF60A0213FA010005475D3 /* VideoDetails */,
				848B5F3B212FF19F009D6314 /* MoreVideosViewController.swift */,
				848B5F3F212FF1F9009D6314 /* Videos.storyboard */,
				84E758B9213D16C600414D9C /* MoreVideosDataModel.swift */,
				84E758BB213D16DC00414D9C /* MoreVideosViewModel.swift */,
				84E758BD213D16F200414D9C /* MoreVideosApiRequest.swift */,
				84CABD55213D295B0058E1B0 /* MoreVideosTableViewCell.swift */,
			);
			path = MoreVideos;
			sourceTree = "<group>";
		};
		848B5F3A212FF15D009D6314 /* Home */ = {
			isa = PBXGroup;
			children = (
				845B8218212D294C00DF259F /* HomeViewController.swift */,
				84FAEC6C212E97350099B0AE /* Cells */,
				845B825B212D45C700DF259F /* HomeListingModel */,
				845B825A212D45C700DF259F /* HomeListingViewModel */,
				845B8257212D42D500DF259F /* WebRequest */,
			);
			path = Home;
			sourceTree = "<group>";
		};
		848B5F3D212FF1DE009D6314 /* MoreArticals */ = {
			isa = PBXGroup;
			children = (
				84CABD5F213D63830058E1B0 /* ArticalDetails */,
				848B5F4321300D14009D6314 /* Articals.storyboard */,
				848B5F4521300D32009D6314 /* MoreArticalsViewController.swift */,
				84CABD57213D4D3F0058E1B0 /* ArticalsTableViewCell.swift */,
				84CABD59213D4D580058E1B0 /* ArticalsViewModel.swift */,
				84CABD5B213D4D6D0058E1B0 /* ArticalsDataModel.swift */,
				84CABD5D213D4D7C0058E1B0 /* ArticalsApiRequest.swift */,
			);
			path = MoreArticals;
			sourceTree = "<group>";
		};
		848B5F3E212FF1DE009D6314 /* MoreEvents */ = {
			isa = PBXGroup;
			children = (
				848B5F4721300D56009D6314 /* MoreEventsViewController.swift */,
				848B5F4921300D5F009D6314 /* Events.storyboard */,
				84A5EB7C214640CD00C370CF /* MoreEventApiRequest.swift */,
				84A5EB7E214640DA00C370CF /* MoreEventDataModel.swift */,
				84A5EB80214640F400C370CF /* MoreEventViewModel.swift */,
				84A5EB822146462C00C370CF /* MoreEventTableViewCell.swift */,
			);
			path = MoreEvents;
			sourceTree = "<group>";
		};
		848B5F4B21300DB0009D6314 /* MorePhotos */ = {
			isa = PBXGroup;
			children = (
				848B5F4C21300DBD009D6314 /* Photos.storyboard */,
				848B5F4E21300DCB009D6314 /* MorePhotosViewController.swift */,
				84AB781A213E5D300021E311 /* MorePhotosApiRequest.swift */,
				84AB781C213E5D4C0021E311 /* MorePhotosDataModel.swift */,
				84AB781E213E5D5D0021E311 /* MorePhotosViewModel.swift */,
				84AB7820213E61030021E311 /* MorePhotosCollectionViewCell.swift */,
				8470E4AE213EA20600B906A0 /* PhotoDetails */,
				84FF60A9213FBBF6005475D3 /* MorePhotosHeaderCollectionViewCell.swift */,
			);
			path = MorePhotos;
			sourceTree = "<group>";
		};
		848B5F522130271F009D6314 /* ProfileScreen */ = {
			isa = PBXGroup;
			children = (
				848B5F532130273A009D6314 /* ProfileViewController.swift */,
				848B5F5521302753009D6314 /* Profile.storyboard */,
				849E76D02142AF87005F6859 /* ProfileTableViewController.swift */,
			);
			path = ProfileScreen;
			sourceTree = "<group>";
		};
		84AA83AD213541A9007695F9 /* CustomeCell */ = {
			isa = PBXGroup;
			children = (
				84393AAB2133EC6C006B8688 /* CorousalTableViewCell.xib */,
				84393AAD2133ED6D006B8688 /* CorousalTableViewCell.swift */,
				84AA83B0213546AF007695F9 /* CorousalCollectionViewCell.swift */,
				84AA83B1213546AF007695F9 /* CorousalCollectionViewCell.xib */,
			);
			name = CustomeCell;
			path = HomeScreen/CustomeCell;
			sourceTree = "<group>";
		};
		84CABD5F213D63830058E1B0 /* ArticalDetails */ = {
			isa = PBXGroup;
			children = (
				84CABD60213D63A10058E1B0 /* ArticalDetailsViewController.swift */,
				84CABD64213D68E80058E1B0 /* ArticalDetailsCollectionViewCell.swift */,
				84CABD66213E478F0058E1B0 /* ArticalDeatilsTableViewCell.swift */,
				84CABD68213E47DC0058E1B0 /* ArticalImageTableViewCell.swift */,
			);
			path = ArticalDetails;
			sourceTree = "<group>";
		};
		84FAEC6C212E97350099B0AE /* Cells */ = {
			isa = PBXGroup;
			children = (
				848B5F36212FDA53009D6314 /* EventCell */,
				848B5F35212FDA53009D6314 /* PhotosCell */,
				84FAEC90212EE2E30099B0AE /* VideosCell */,
				84FAEC8D212EBBC30099B0AE /* ArticalsCell */,
			);
			path = Cells;
			sourceTree = "<group>";
		};
		84FAEC75212EA1230099B0AE /* Resources */ = {
			isa = PBXGroup;
			children = (
				84FAEC80212EA14C0099B0AE /* Font */,
			);
			name = Resources;
			path = UIClasses/Resources;
			sourceTree = "<group>";
		};
		84FAEC80212EA14C0099B0AE /* Font */ = {
			isa = PBXGroup;
			children = (
				84FAEC7C212EA13B0099B0AE /* Muli-Bold.ttf */,
				84FAEC7D212EA13D0099B0AE /* Muli-BoldItalic.ttf */,
				84FAEC7E212EA13F0099B0AE /* Muli-ExtraLight.ttf */,
				84FAEC7F212EA1400099B0AE /* Muli-ExtraLightItalic.ttf */,
				84FAEC7B212EA13A0099B0AE /* Muli-Italic.ttf */,
				84FAEC7A212EA1390099B0AE /* Muli-Light.ttf */,
				84FAEC79212EA1380099B0AE /* Muli-LightItalic.ttf */,
				84FAEC76212EA1350099B0AE /* Muli-Semi-BoldItalic.ttf */,
				84FAEC77212EA1360099B0AE /* Muli-SemiBold.ttf */,
				84FAEC78212EA1370099B0AE /* Muli.ttf */,
			);
			path = Font;
			sourceTree = "<group>";
		};
		84FAEC8D212EBBC30099B0AE /* ArticalsCell */ = {
			isa = PBXGroup;
			children = (
				84FAEC6F212E977D0099B0AE /* HomeArticalTableViewCell.swift */,
				84FAEC8E212EBBF80099B0AE /* ArticalCollectionViewCell.swift */,
			);
			path = ArticalsCell;
			sourceTree = "<group>";
		};
		84FAEC90212EE2E30099B0AE /* VideosCell */ = {
			isa = PBXGroup;
			children = (
				84FAEC6D212E97550099B0AE /* HomeVideoTableViewCell.swift */,
				84FAEC91212EE2F80099B0AE /* VideosCollectionViewCell.swift */,
			);
			path = VideosCell;
			sourceTree = "<group>";
		};
		84FF60A0213FA010005475D3 /* VideoDetails */ = {
			isa = PBXGroup;
			children = (
				84FF60A1213FA06A005475D3 /* VideoDetailsViewController.swift */,
				84575E7D2140F4F500DBA043 /* SimilarVideosDataModel.swift */,
				84575E7F2140F50200DBA043 /* SimilarVideosViewModel.swift */,
				84575E812140F51000DBA043 /* SimilarVideosApiRequest.swift */,
				84575E832140FCD600DBA043 /* SimilarVideosTableViewCell.swift */,
			);
			path = VideoDetails;
			sourceTree = "<group>";
		};
		84FF60AB213FDFBA005475D3 /* Login */ = {
			isa = PBXGroup;
			children = (
				84FF60AE213FDFE9005475D3 /* Login.storyboard */,
				84FF60B2213FF0DB005475D3 /* LoginSignUpViewController.swift */,
				84575E852141776C00DBA043 /* LoginApiRequest.swift */,
				84575E872141778100DBA043 /* LoginDataModel.swift */,
				84575E892141779900DBA043 /* LoginViewModel.swift */,
			);
			name = Login;
			path = HomeScreen/Login;
			sourceTree = "<group>";
		};
/* End PBXGroup section */

/* Begin PBXNativeTarget section */
		845B8212212D294C00DF259F /* GetDonor */ = {
			isa = PBXNativeTarget;
			buildConfigurationList = 845B823B212D295100DF259F /* Build configuration list for PBXNativeTarget "GetDonor" */;
			buildPhases = (
				2C6C22223DFCF92287DFF1A3 /* [CP] Check Pods Manifest.lock */,
				845B820F212D294C00DF259F /* Sources */,
				845B8210212D294C00DF259F /* Frameworks */,
				845B8211212D294C00DF259F /* Resources */,
				D993AFDC926EE497534E7DEC /* [CP] Embed Pods Frameworks */,
				7E8DF2FFD4CE38A256A83396 /* [CP] Copy Pods Resources */,
			);
			buildRules = (
			);
			dependencies = (
			);
			name = GetDonor;
			productName = GetDonor;
			productReference = 845B8213212D294C00DF259F /* GetDonor.app */;
			productType = "com.apple.product-type.application";
		};
		845B8226212D295100DF259F /* GetDonorTests */ = {
			isa = PBXNativeTarget;
			buildConfigurationList = 845B823E212D295100DF259F /* Build configuration list for PBXNativeTarget "GetDonorTests" */;
			buildPhases = (
				BB60DE4A0CA1F36E3D05A2EA /* [CP] Check Pods Manifest.lock */,
				845B8223212D295100DF259F /* Sources */,
				845B8224212D295100DF259F /* Frameworks */,
				845B8225212D295100DF259F /* Resources */,
			);
			buildRules = (
			);
			dependencies = (
				845B8229212D295100DF259F /* PBXTargetDependency */,
			);
			name = GetDonorTests;
			productName = GetDonorTests;
			productReference = 845B8227212D295100DF259F /* GetDonorTests.xctest */;
			productType = "com.apple.product-type.bundle.unit-test";
		};
		845B8231212D295100DF259F /* GetDonorUITests */ = {
			isa = PBXNativeTarget;
			buildConfigurationList = 845B8241212D295100DF259F /* Build configuration list for PBXNativeTarget "GetDonorUITests" */;
			buildPhases = (
				A73BFF610CBB1BD2A6FE8942 /* [CP] Check Pods Manifest.lock */,
				845B822E212D295100DF259F /* Sources */,
				845B822F212D295100DF259F /* Frameworks */,
				845B8230212D295100DF259F /* Resources */,
			);
			buildRules = (
			);
			dependencies = (
				845B8234212D295100DF259F /* PBXTargetDependency */,
			);
			name = GetDonorUITests;
			productName = GetDonorUITests;
			productReference = 845B8232212D295100DF259F /* GetDonorUITests.xctest */;
			productType = "com.apple.product-type.bundle.ui-testing";
		};
/* End PBXNativeTarget section */

/* Begin PBXProject section */
		845B820B212D294C00DF259F /* Project object */ = {
			isa = PBXProject;
			attributes = {
				LastSwiftUpdateCheck = 0940;
				LastUpgradeCheck = 0940;
				ORGANIZATIONNAME = GetDonor;
				TargetAttributes = {
					845B8212212D294C00DF259F = {
						CreatedOnToolsVersion = 9.4.1;
					};
					845B8226212D295100DF259F = {
						CreatedOnToolsVersion = 9.4.1;
						TestTargetID = 845B8212212D294C00DF259F;
					};
					845B8231212D295100DF259F = {
						CreatedOnToolsVersion = 9.4.1;
						TestTargetID = 845B8212212D294C00DF259F;
					};
				};
			};
			buildConfigurationList = 845B820E212D294C00DF259F /* Build configuration list for PBXProject "GetDonor" */;
			compatibilityVersion = "Xcode 9.3";
			developmentRegion = en;
			hasScannedForEncodings = 0;
			knownRegions = (
				en,
				Base,
			);
			mainGroup = 845B820A212D294C00DF259F;
			productRefGroup = 845B8214212D294C00DF259F /* Products */;
			projectDirPath = "";
			projectRoot = "";
			targets = (
				845B8212212D294C00DF259F /* GetDonor */,
				845B8226212D295100DF259F /* GetDonorTests */,
				845B8231212D295100DF259F /* GetDonorUITests */,
			);
		};
/* End PBXProject section */

/* Begin PBXResourcesBuildPhase section */
		845B8211212D294C00DF259F /* Resources */ = {
			isa = PBXResourcesBuildPhase;
			buildActionMask = 2147483647;
			files = (
				84FAEC89212EA1720099B0AE /* Muli-SemiBold.ttf in Resources */,
				84FAEC82212EA1670099B0AE /* Muli-BoldItalic.ttf in Resources */,
				84AA83B3213546AF007695F9 /* CorousalCollectionViewCell.xib in Resources */,
				84FAEC84212EA1720099B0AE /* Muli-ExtraLightItalic.ttf in Resources */,
				84FAEC83212EA16C0099B0AE /* Muli-ExtraLight.ttf in Resources */,
				845B8221212D295100DF259F /* LaunchScreen.storyboard in Resources */,
				848B5F40212FF1F9009D6314 /* Videos.storyboard in Resources */,
				848B5F5621302753009D6314 /* Profile.storyboard in Resources */,
				84FAEC86212EA1720099B0AE /* Muli-Light.ttf in Resources */,
				845B821E212D295100DF259F /* Assets.xcassets in Resources */,
				84FF60AF213FDFE9005475D3 /* Login.storyboard in Resources */,
				84FAEC87212EA1720099B0AE /* Muli-LightItalic.ttf in Resources */,
				84393AAC2133EC6C006B8688 /* CorousalTableViewCell.xib in Resources */,
				84FAEC85212EA1720099B0AE /* Muli-Italic.ttf in Resources */,
				848B5F4D21300DBD009D6314 /* Photos.storyboard in Resources */,
				84FAEC88212EA1720099B0AE /* Muli-Semi-BoldItalic.ttf in Resources */,
				84FAEC81212EA1640099B0AE /* Muli-Bold.ttf in Resources */,
				845B821C212D294C00DF259F /* Main.storyboard in Resources */,
				84575E912142812C00DBA043 /* SignUp.storyboard in Resources */,
				84AA83AC213513E5007695F9 /* Desire.json in Resources */,
				848B5F4A21300D5F009D6314 /* Events.storyboard in Resources */,
				84FAEC8A212EA1720099B0AE /* Muli.ttf in Resources */,
				848B5F4421300D14009D6314 /* Articals.storyboard in Resources */,
			);
			runOnlyForDeploymentPostprocessing = 0;
		};
		845B8225212D295100DF259F /* Resources */ = {
			isa = PBXResourcesBuildPhase;
			buildActionMask = 2147483647;
			files = (
			);
			runOnlyForDeploymentPostprocessing = 0;
		};
		845B8230212D295100DF259F /* Resources */ = {
			isa = PBXResourcesBuildPhase;
			buildActionMask = 2147483647;
			files = (
			);
			runOnlyForDeploymentPostprocessing = 0;
		};
/* End PBXResourcesBuildPhase section */

/* Begin PBXShellScriptBuildPhase section */
		2C6C22223DFCF92287DFF1A3 /* [CP] Check Pods Manifest.lock */ = {
			isa = PBXShellScriptBuildPhase;
			buildActionMask = 2147483647;
			files = (
			);
			inputPaths = (
				"${PODS_PODFILE_DIR_PATH}/Podfile.lock",
				"${PODS_ROOT}/Manifest.lock",
			);
			name = "[CP] Check Pods Manifest.lock";
			outputPaths = (
				"$(DERIVED_FILE_DIR)/Pods-GetDonor-checkManifestLockResult.txt",
			);
			runOnlyForDeploymentPostprocessing = 0;
			shellPath = /bin/sh;
			shellScript = "diff \"${PODS_PODFILE_DIR_PATH}/Podfile.lock\" \"${PODS_ROOT}/Manifest.lock\" > /dev/null\nif [ $? != 0 ] ; then\n    # print error to STDERR\n    echo \"error: The sandbox is not in sync with the Podfile.lock. Run 'pod install' or update your CocoaPods installation.\" >&2\n    exit 1\nfi\n# This output is used by Xcode 'outputs' to avoid re-running this script phase.\necho \"SUCCESS\" > \"${SCRIPT_OUTPUT_FILE_0}\"\n";
			showEnvVarsInLog = 0;
		};
		7E8DF2FFD4CE38A256A83396 /* [CP] Copy Pods Resources */ = {
			isa = PBXShellScriptBuildPhase;
			buildActionMask = 2147483647;
			files = (
			);
			inputPaths = (
				"${SRCROOT}/Pods/Target Support Files/Pods-GetDonor/Pods-GetDonor-resources.sh",
				"${PODS_ROOT}/AccountKit/AccountKitStrings.bundle",
			);
			name = "[CP] Copy Pods Resources";
			outputPaths = (
				"${TARGET_BUILD_DIR}/${UNLOCALIZED_RESOURCES_FOLDER_PATH}/AccountKitStrings.bundle",
			);
			runOnlyForDeploymentPostprocessing = 0;
			shellPath = /bin/sh;
			shellScript = "\"${SRCROOT}/Pods/Target Support Files/Pods-GetDonor/Pods-GetDonor-resources.sh\"\n";
			showEnvVarsInLog = 0;
		};
		A73BFF610CBB1BD2A6FE8942 /* [CP] Check Pods Manifest.lock */ = {
			isa = PBXShellScriptBuildPhase;
			buildActionMask = 2147483647;
			files = (
			);
			inputPaths = (
				"${PODS_PODFILE_DIR_PATH}/Podfile.lock",
				"${PODS_ROOT}/Manifest.lock",
			);
			name = "[CP] Check Pods Manifest.lock";
			outputPaths = (
				"$(DERIVED_FILE_DIR)/Pods-GetDonorUITests-checkManifestLockResult.txt",
			);
			runOnlyForDeploymentPostprocessing = 0;
			shellPath = /bin/sh;
			shellScript = "diff \"${PODS_PODFILE_DIR_PATH}/Podfile.lock\" \"${PODS_ROOT}/Manifest.lock\" > /dev/null\nif [ $? != 0 ] ; then\n    # print error to STDERR\n    echo \"error: The sandbox is not in sync with the Podfile.lock. Run 'pod install' or update your CocoaPods installation.\" >&2\n    exit 1\nfi\n# This output is used by Xcode 'outputs' to avoid re-running this script phase.\necho \"SUCCESS\" > \"${SCRIPT_OUTPUT_FILE_0}\"\n";
			showEnvVarsInLog = 0;
		};
		BB60DE4A0CA1F36E3D05A2EA /* [CP] Check Pods Manifest.lock */ = {
			isa = PBXShellScriptBuildPhase;
			buildActionMask = 2147483647;
			files = (
			);
			inputPaths = (
				"${PODS_PODFILE_DIR_PATH}/Podfile.lock",
				"${PODS_ROOT}/Manifest.lock",
			);
			name = "[CP] Check Pods Manifest.lock";
			outputPaths = (
				"$(DERIVED_FILE_DIR)/Pods-GetDonorTests-checkManifestLockResult.txt",
			);
			runOnlyForDeploymentPostprocessing = 0;
			shellPath = /bin/sh;
			shellScript = "diff \"${PODS_PODFILE_DIR_PATH}/Podfile.lock\" \"${PODS_ROOT}/Manifest.lock\" > /dev/null\nif [ $? != 0 ] ; then\n    # print error to STDERR\n    echo \"error: The sandbox is not in sync with the Podfile.lock. Run 'pod install' or update your CocoaPods installation.\" >&2\n    exit 1\nfi\n# This output is used by Xcode 'outputs' to avoid re-running this script phase.\necho \"SUCCESS\" > \"${SCRIPT_OUTPUT_FILE_0}\"\n";
			showEnvVarsInLog = 0;
		};
		D993AFDC926EE497534E7DEC /* [CP] Embed Pods Frameworks */ = {
			isa = PBXShellScriptBuildPhase;
			buildActionMask = 2147483647;
			files = (
			);
			inputPaths = (
				"${SRCROOT}/Pods/Target Support Files/Pods-GetDonor/Pods-GetDonor-frameworks.sh",
				"${BUILT_PRODUCTS_DIR}/youtube-ios-player-helper/youtube_ios_player_helper.framework",
			);
			name = "[CP] Embed Pods Frameworks";
			outputPaths = (
				"${TARGET_BUILD_DIR}/${FRAMEWORKS_FOLDER_PATH}/youtube_ios_player_helper.framework",
			);
			runOnlyForDeploymentPostprocessing = 0;
			shellPath = /bin/sh;
			shellScript = "\"${SRCROOT}/Pods/Target Support Files/Pods-GetDonor/Pods-GetDonor-frameworks.sh\"\n";
			showEnvVarsInLog = 0;
		};
/* End PBXShellScriptBuildPhase section */

/* Begin PBXSourcesBuildPhase section */
		845B820F212D294C00DF259F /* Sources */ = {
			isa = PBXSourcesBuildPhase;
			buildActionMask = 2147483647;
			files = (
				84CABD5A213D4D580058E1B0 /* ArticalsViewModel.swift in Sources */,
				845B8255212D429100DF259F /* ReusableCellHandler.swift in Sources */,
				849E76D12142AF87005F6859 /* ProfileTableViewController.swift in Sources */,
				84393AB02133EEC9006B8688 /* DesireTableViewCell.swift in Sources */,
				848B5F4821300D56009D6314 /* MoreEventsViewController.swift in Sources */,
				845B8259212D453D00DF259F /* HomeListingRequest.swift in Sources */,
				84FAEC92212EE2F80099B0AE /* VideosCollectionViewCell.swift in Sources */,
				848B5F5121301C1B009D6314 /* BaseViewController.swift in Sources */,
				845B8260212D556500DF259F /* AppConfig.swift in Sources */,
				848B5F542130273A009D6314 /* ProfileViewController.swift in Sources */,
				84CABD58213D4D400058E1B0 /* ArticalsTableViewCell.swift in Sources */,
				84CABD56213D295B0058E1B0 /* MoreVideosTableViewCell.swift in Sources */,
				84FF60AA213FBBF6005475D3 /* MorePhotosHeaderCollectionViewCell.swift in Sources */,
				848B5F4621300D32009D6314 /* MoreArticalsViewController.swift in Sources */,
				84AB781F213E5D5D0021E311 /* MorePhotosViewModel.swift in Sources */,
				848B5F602130384C009D6314 /* DesireApiRequest.swift in Sources */,
				84FAEC8F212EBBF80099B0AE /* ArticalCollectionViewCell.swift in Sources */,
				848B5F34212FDA2D009D6314 /* PhotosCollectionViewCell.swift in Sources */,
				84A5EB7F214640DA00C370CF /* MoreEventDataModel.swift in Sources */,
				8470E4AD213E9F0100B906A0 /* Extension.swift in Sources */,
				845B826F212D719600DF259F /* MD5Digest.swift in Sources */,
				84FF60B3213FF0DB005475D3 /* LoginSignUpViewController.swift in Sources */,
				845B8254212D429100DF259F /* FoundationAddations.swift in Sources */,
				848B5F3C212FF19F009D6314 /* MoreVideosViewController.swift in Sources */,
				84FF60A2213FA06A005475D3 /* VideoDetailsViewController.swift in Sources */,
				84575E7E2140F4F500DBA043 /* SimilarVideosDataModel.swift in Sources */,
				845B8250212D428300DF259F /* NetworkLogger.swift in Sources */,
				84575E8E2142732800DBA043 /* CommonApiRequest.swift in Sources */,
				84FAEC72212E978F0099B0AE /* HomePhotoTableViewCell.swift in Sources */,
				848B5F5C2130380C009D6314 /* DesireModel.swift in Sources */,
				84FAEC8C212EAB000099B0AE /* Font+Extra.swift in Sources */,
				848B5F42213006AD009D6314 /* NavigationViewController.swift in Sources */,
				84A5EB81214640F400C370CF /* MoreEventViewModel.swift in Sources */,
				845B8264212D5EA300DF259F /* HomeListingViewModel.swift in Sources */,
				8470E4B2213EA2C600B906A0 /* PhotoDetailsCollectionViewCell.swift in Sources */,
				845B8256212D429100DF259F /* ViewAditions.swift in Sources */,
				848B5F38212FE564009D6314 /* EventsCollectionViewCell.swift in Sources */,
				84FAEC74212E979C0099B0AE /* HomeEventTableViewCell.swift in Sources */,
				84CABD67213E478F0058E1B0 /* ArticalDeatilsTableViewCell.swift in Sources */,
				84393AAE2133ED6D006B8688 /* CorousalTableViewCell.swift in Sources */,
				84575E882141778100DBA043 /* LoginDataModel.swift in Sources */,
				845B824E212D428300DF259F /* NetworkManager.swift in Sources */,
				84FAEC6E212E97550099B0AE /* HomeVideoTableViewCell.swift in Sources */,
				84CABD69213E47DC0058E1B0 /* ArticalImageTableViewCell.swift in Sources */,
				845B8269212D698900DF259F /* Dictionary+MD5.swift in Sources */,
				84575E932142816800DBA043 /* SignUpTableViewController.swift in Sources */,
				84FAEC6B212E8A980099B0AE /* MainTabBarController.swift in Sources */,
				845B8219212D294C00DF259F /* HomeViewController.swift in Sources */,
				84CABD65213D68E80058E1B0 /* ArticalDetailsCollectionViewCell.swift in Sources */,
				84575E8A2141779900DBA043 /* LoginViewModel.swift in Sources */,
				84A5EB7D214640CD00C370CF /* MoreEventApiRequest.swift in Sources */,
				84AB781B213E5D300021E311 /* MorePhotosApiRequest.swift in Sources */,
				848B5F4F21300DCB009D6314 /* MorePhotosViewController.swift in Sources */,
				84AB7821213E61030021E311 /* MorePhotosCollectionViewCell.swift in Sources */,
				84CABD5E213D4D7C0058E1B0 /* ArticalsApiRequest.swift in Sources */,
				84AA83B2213546AF007695F9 /* CorousalCollectionViewCell.swift in Sources */,
				845B825D212D45E700DF259F /* HomeListingModel.swift in Sources */,
				845B824F212D428300DF259F /* URLEncoder.swift in Sources */,
				848B5F5A213036D8009D6314 /* DesireViewController.swift in Sources */,
				84A5EB832146462C00C370CF /* MoreEventTableViewCell.swift in Sources */,
				84FAEC70212E977D0099B0AE /* HomeArticalTableViewCell.swift in Sources */,
				8470E4B0213EA2B300B906A0 /* PhotoDetailsViewController.swift in Sources */,
				84E758BA213D16C600414D9C /* MoreVideosDataModel.swift in Sources */,
				84575E822140F51000DBA043 /* SimilarVideosApiRequest.swift in Sources */,
				84E758BE213D16F200414D9C /* MoreVideosApiRequest.swift in Sources */,
				84CABD61213D63A10058E1B0 /* ArticalDetailsViewController.swift in Sources */,
				845B8262212D5A7E00DF259F /* AppBaseURLs.swift in Sources */,
				84CABD5C213D4D6D0058E1B0 /* ArticalsDataModel.swift in Sources */,
				84E758BC213D16DC00414D9C /* MoreVideosViewModel.swift in Sources */,
				84AB781D213E5D4C0021E311 /* MorePhotosDataModel.swift in Sources */,
				845B8217212D294C00DF259F /* AppDelegate.swift in Sources */,
				849E76CF21428F97005F6859 /* SignUpApiRequest.swift in Sources */,
				84575E802140F50200DBA043 /* SimilarVideosViewModel.swift in Sources */,
				84575E8C2142408600DBA043 /* Api_EndPoint.swift in Sources */,
				848B5F5E21303817009D6314 /* DesireViewModel.swift in Sources */,
				84575E862141776C00DBA043 /* LoginApiRequest.swift in Sources */,
				84575E842140FCD600DBA043 /* SimilarVideosTableViewCell.swift in Sources */,
			);
			runOnlyForDeploymentPostprocessing = 0;
		};
		845B8223212D295100DF259F /* Sources */ = {
			isa = PBXSourcesBuildPhase;
			buildActionMask = 2147483647;
			files = (
				845B822C212D295100DF259F /* GetDonorTests.swift in Sources */,
			);
			runOnlyForDeploymentPostprocessing = 0;
		};
		845B822E212D295100DF259F /* Sources */ = {
			isa = PBXSourcesBuildPhase;
			buildActionMask = 2147483647;
			files = (
				845B8237212D295100DF259F /* GetDonorUITests.swift in Sources */,
			);
			runOnlyForDeploymentPostprocessing = 0;
		};
/* End PBXSourcesBuildPhase section */

/* Begin PBXTargetDependency section */
		845B8229212D295100DF259F /* PBXTargetDependency */ = {
			isa = PBXTargetDependency;
			target = 845B8212212D294C00DF259F /* GetDonor */;
			targetProxy = 845B8228212D295100DF259F /* PBXContainerItemProxy */;
		};
		845B8234212D295100DF259F /* PBXTargetDependency */ = {
			isa = PBXTargetDependency;
			target = 845B8212212D294C00DF259F /* GetDonor */;
			targetProxy = 845B8233212D295100DF259F /* PBXContainerItemProxy */;
		};
/* End PBXTargetDependency section */

/* Begin PBXVariantGroup section */
		845B821A212D294C00DF259F /* Main.storyboard */ = {
			isa = PBXVariantGroup;
			children = (
				845B821B212D294C00DF259F /* Base */,
			);
			name = Main.storyboard;
			sourceTree = "<group>";
		};
		845B821F212D295100DF259F /* LaunchScreen.storyboard */ = {
			isa = PBXVariantGroup;
			children = (
				845B8220212D295100DF259F /* Base */,
			);
			name = LaunchScreen.storyboard;
			sourceTree = "<group>";
		};
/* End PBXVariantGroup section */

/* Begin XCBuildConfiguration section */
		845B8239212D295100DF259F /* Debug */ = {
			isa = XCBuildConfiguration;
			buildSettings = {
				ALWAYS_SEARCH_USER_PATHS = NO;
				CLANG_ANALYZER_NONNULL = YES;
				CLANG_ANALYZER_NUMBER_OBJECT_CONVERSION = YES_AGGRESSIVE;
				CLANG_CXX_LANGUAGE_STANDARD = "gnu++14";
				CLANG_CXX_LIBRARY = "libc++";
				CLANG_ENABLE_MODULES = YES;
				CLANG_ENABLE_OBJC_ARC = YES;
				CLANG_ENABLE_OBJC_WEAK = YES;
				CLANG_WARN_BLOCK_CAPTURE_AUTORELEASING = YES;
				CLANG_WARN_BOOL_CONVERSION = YES;
				CLANG_WARN_COMMA = YES;
				CLANG_WARN_CONSTANT_CONVERSION = YES;
				CLANG_WARN_DEPRECATED_OBJC_IMPLEMENTATIONS = YES;
				CLANG_WARN_DIRECT_OBJC_ISA_USAGE = YES_ERROR;
				CLANG_WARN_DOCUMENTATION_COMMENTS = YES;
				CLANG_WARN_EMPTY_BODY = YES;
				CLANG_WARN_ENUM_CONVERSION = YES;
				CLANG_WARN_INFINITE_RECURSION = YES;
				CLANG_WARN_INT_CONVERSION = YES;
				CLANG_WARN_NON_LITERAL_NULL_CONVERSION = YES;
				CLANG_WARN_OBJC_IMPLICIT_RETAIN_SELF = YES;
				CLANG_WARN_OBJC_LITERAL_CONVERSION = YES;
				CLANG_WARN_OBJC_ROOT_CLASS = YES_ERROR;
				CLANG_WARN_RANGE_LOOP_ANALYSIS = YES;
				CLANG_WARN_STRICT_PROTOTYPES = YES;
				CLANG_WARN_SUSPICIOUS_MOVE = YES;
				CLANG_WARN_UNGUARDED_AVAILABILITY = YES_AGGRESSIVE;
				CLANG_WARN_UNREACHABLE_CODE = YES;
				CLANG_WARN__DUPLICATE_METHOD_MATCH = YES;
				CODE_SIGN_IDENTITY = "iPhone Developer";
				COPY_PHASE_STRIP = NO;
				DEBUG_INFORMATION_FORMAT = dwarf;
				ENABLE_STRICT_OBJC_MSGSEND = YES;
				ENABLE_TESTABILITY = YES;
				GCC_C_LANGUAGE_STANDARD = gnu11;
				GCC_DYNAMIC_NO_PIC = NO;
				GCC_NO_COMMON_BLOCKS = YES;
				GCC_OPTIMIZATION_LEVEL = 0;
				GCC_PREPROCESSOR_DEFINITIONS = (
					"DEBUG=1",
					"$(inherited)",
				);
				GCC_WARN_64_TO_32_BIT_CONVERSION = YES;
				GCC_WARN_ABOUT_RETURN_TYPE = YES_ERROR;
				GCC_WARN_UNDECLARED_SELECTOR = YES;
				GCC_WARN_UNINITIALIZED_AUTOS = YES_AGGRESSIVE;
				GCC_WARN_UNUSED_FUNCTION = YES;
				GCC_WARN_UNUSED_VARIABLE = YES;
				IPHONEOS_DEPLOYMENT_TARGET = 11.4;
				MTL_ENABLE_DEBUG_INFO = YES;
				ONLY_ACTIVE_ARCH = YES;
				SDKROOT = iphoneos;
				SWIFT_ACTIVE_COMPILATION_CONDITIONS = DEBUG;
				SWIFT_OPTIMIZATION_LEVEL = "-Onone";
			};
			name = Debug;
		};
		845B823A212D295100DF259F /* Release */ = {
			isa = XCBuildConfiguration;
			buildSettings = {
				ALWAYS_SEARCH_USER_PATHS = NO;
				CLANG_ANALYZER_NONNULL = YES;
				CLANG_ANALYZER_NUMBER_OBJECT_CONVERSION = YES_AGGRESSIVE;
				CLANG_CXX_LANGUAGE_STANDARD = "gnu++14";
				CLANG_CXX_LIBRARY = "libc++";
				CLANG_ENABLE_MODULES = YES;
				CLANG_ENABLE_OBJC_ARC = YES;
				CLANG_ENABLE_OBJC_WEAK = YES;
				CLANG_WARN_BLOCK_CAPTURE_AUTORELEASING = YES;
				CLANG_WARN_BOOL_CONVERSION = YES;
				CLANG_WARN_COMMA = YES;
				CLANG_WARN_CONSTANT_CONVERSION = YES;
				CLANG_WARN_DEPRECATED_OBJC_IMPLEMENTATIONS = YES;
				CLANG_WARN_DIRECT_OBJC_ISA_USAGE = YES_ERROR;
				CLANG_WARN_DOCUMENTATION_COMMENTS = YES;
				CLANG_WARN_EMPTY_BODY = YES;
				CLANG_WARN_ENUM_CONVERSION = YES;
				CLANG_WARN_INFINITE_RECURSION = YES;
				CLANG_WARN_INT_CONVERSION = YES;
				CLANG_WARN_NON_LITERAL_NULL_CONVERSION = YES;
				CLANG_WARN_OBJC_IMPLICIT_RETAIN_SELF = YES;
				CLANG_WARN_OBJC_LITERAL_CONVERSION = YES;
				CLANG_WARN_OBJC_ROOT_CLASS = YES_ERROR;
				CLANG_WARN_RANGE_LOOP_ANALYSIS = YES;
				CLANG_WARN_STRICT_PROTOTYPES = YES;
				CLANG_WARN_SUSPICIOUS_MOVE = YES;
				CLANG_WARN_UNGUARDED_AVAILABILITY = YES_AGGRESSIVE;
				CLANG_WARN_UNREACHABLE_CODE = YES;
				CLANG_WARN__DUPLICATE_METHOD_MATCH = YES;
				CODE_SIGN_IDENTITY = "iPhone Developer";
				COPY_PHASE_STRIP = NO;
				DEBUG_INFORMATION_FORMAT = "dwarf-with-dsym";
				ENABLE_NS_ASSERTIONS = NO;
				ENABLE_STRICT_OBJC_MSGSEND = YES;
				GCC_C_LANGUAGE_STANDARD = gnu11;
				GCC_NO_COMMON_BLOCKS = YES;
				GCC_WARN_64_TO_32_BIT_CONVERSION = YES;
				GCC_WARN_ABOUT_RETURN_TYPE = YES_ERROR;
				GCC_WARN_UNDECLARED_SELECTOR = YES;
				GCC_WARN_UNINITIALIZED_AUTOS = YES_AGGRESSIVE;
				GCC_WARN_UNUSED_FUNCTION = YES;
				GCC_WARN_UNUSED_VARIABLE = YES;
				IPHONEOS_DEPLOYMENT_TARGET = 11.4;
				MTL_ENABLE_DEBUG_INFO = NO;
				SDKROOT = iphoneos;
				SWIFT_COMPILATION_MODE = wholemodule;
				SWIFT_OPTIMIZATION_LEVEL = "-O";
				VALIDATE_PRODUCT = YES;
			};
			name = Release;
		};
		845B823C212D295100DF259F /* Debug */ = {
			isa = XCBuildConfiguration;
			baseConfigurationReference = AC2A7B4D20C629AD3A984E09 /* Pods-GetDonor.debug.xcconfig */;
			buildSettings = {
				ASSETCATALOG_COMPILER_APPICON_NAME = AppIcon;
				CODE_SIGN_STYLE = Automatic;
				DEVELOPMENT_TEAM = YXXHP3TW8Y;
				INFOPLIST_FILE = GetDonor/Info.plist;
				IPHONEOS_DEPLOYMENT_TARGET = 10.0;
				LD_RUNPATH_SEARCH_PATHS = (
					"$(inherited)",
					"@executable_path/Frameworks",
				);
				PRODUCT_BUNDLE_IDENTIFIER = GetDonor.GetDonor;
				PRODUCT_NAME = "$(TARGET_NAME)";
				SWIFT_VERSION = 4.0;
				TARGETED_DEVICE_FAMILY = "1,2";
			};
			name = Debug;
		};
		845B823D212D295100DF259F /* Release */ = {
			isa = XCBuildConfiguration;
			baseConfigurationReference = BAAC154788486A1DE6FC593C /* Pods-GetDonor.release.xcconfig */;
			buildSettings = {
				ASSETCATALOG_COMPILER_APPICON_NAME = AppIcon;
				CODE_SIGN_STYLE = Automatic;
				DEVELOPMENT_TEAM = YXXHP3TW8Y;
				INFOPLIST_FILE = GetDonor/Info.plist;
				IPHONEOS_DEPLOYMENT_TARGET = 10.0;
				LD_RUNPATH_SEARCH_PATHS = (
					"$(inherited)",
					"@executable_path/Frameworks",
				);
				PRODUCT_BUNDLE_IDENTIFIER = GetDonor.GetDonor;
				PRODUCT_NAME = "$(TARGET_NAME)";
				SWIFT_VERSION = 4.0;
				TARGETED_DEVICE_FAMILY = "1,2";
			};
			name = Release;
		};
		845B823F212D295100DF259F /* Debug */ = {
			isa = XCBuildConfiguration;
			baseConfigurationReference = D76A0CAEB59A6E7768DB79D0 /* Pods-GetDonorTests.debug.xcconfig */;
			buildSettings = {
				ALWAYS_EMBED_SWIFT_STANDARD_LIBRARIES = YES;
				BUNDLE_LOADER = "$(TEST_HOST)";
				CODE_SIGN_STYLE = Automatic;
				INFOPLIST_FILE = GetDonorTests/Info.plist;
				LD_RUNPATH_SEARCH_PATHS = (
					"$(inherited)",
					"@executable_path/Frameworks",
					"@loader_path/Frameworks",
				);
				PRODUCT_BUNDLE_IDENTIFIER = GetDonor.GetDonorTests;
				PRODUCT_NAME = "$(TARGET_NAME)";
				SWIFT_VERSION = 4.0;
				TARGETED_DEVICE_FAMILY = "1,2";
				TEST_HOST = "$(BUILT_PRODUCTS_DIR)/GetDonor.app/GetDonor";
			};
			name = Debug;
		};
		845B8240212D295100DF259F /* Release */ = {
			isa = XCBuildConfiguration;
			baseConfigurationReference = 477D01DAE357342A7F3F9C78 /* Pods-GetDonorTests.release.xcconfig */;
			buildSettings = {
				ALWAYS_EMBED_SWIFT_STANDARD_LIBRARIES = YES;
				BUNDLE_LOADER = "$(TEST_HOST)";
				CODE_SIGN_STYLE = Automatic;
				INFOPLIST_FILE = GetDonorTests/Info.plist;
				LD_RUNPATH_SEARCH_PATHS = (
					"$(inherited)",
					"@executable_path/Frameworks",
					"@loader_path/Frameworks",
				);
				PRODUCT_BUNDLE_IDENTIFIER = GetDonor.GetDonorTests;
				PRODUCT_NAME = "$(TARGET_NAME)";
				SWIFT_VERSION = 4.0;
				TARGETED_DEVICE_FAMILY = "1,2";
				TEST_HOST = "$(BUILT_PRODUCTS_DIR)/GetDonor.app/GetDonor";
			};
			name = Release;
		};
		845B8242212D295100DF259F /* Debug */ = {
			isa = XCBuildConfiguration;
			baseConfigurationReference = F52B16FA7A004FC4FE674547 /* Pods-GetDonorUITests.debug.xcconfig */;
			buildSettings = {
				ALWAYS_EMBED_SWIFT_STANDARD_LIBRARIES = YES;
				CODE_SIGN_STYLE = Automatic;
				INFOPLIST_FILE = GetDonorUITests/Info.plist;
				LD_RUNPATH_SEARCH_PATHS = (
					"$(inherited)",
					"@executable_path/Frameworks",
					"@loader_path/Frameworks",
				);
				PRODUCT_BUNDLE_IDENTIFIER = GetDonor.GetDonorUITests;
				PRODUCT_NAME = "$(TARGET_NAME)";
				SWIFT_VERSION = 4.0;
				TARGETED_DEVICE_FAMILY = "1,2";
				TEST_TARGET_NAME = GetDonor;
			};
			name = Debug;
		};
		845B8243212D295100DF259F /* Release */ = {
			isa = XCBuildConfiguration;
			baseConfigurationReference = 56AA2A13D2709333E37600C0 /* Pods-GetDonorUITests.release.xcconfig */;
			buildSettings = {
				ALWAYS_EMBED_SWIFT_STANDARD_LIBRARIES = YES;
				CODE_SIGN_STYLE = Automatic;
				INFOPLIST_FILE = GetDonorUITests/Info.plist;
				LD_RUNPATH_SEARCH_PATHS = (
					"$(inherited)",
					"@executable_path/Frameworks",
					"@loader_path/Frameworks",
				);
				PRODUCT_BUNDLE_IDENTIFIER = GetDonor.GetDonorUITests;
				PRODUCT_NAME = "$(TARGET_NAME)";
				SWIFT_VERSION = 4.0;
				TARGETED_DEVICE_FAMILY = "1,2";
				TEST_TARGET_NAME = GetDonor;
			};
			name = Release;
		};
/* End XCBuildConfiguration section */

/* Begin XCConfigurationList section */
		845B820E212D294C00DF259F /* Build configuration list for PBXProject "GetDonor" */ = {
			isa = XCConfigurationList;
			buildConfigurations = (
				845B8239212D295100DF259F /* Debug */,
				845B823A212D295100DF259F /* Release */,
			);
			defaultConfigurationIsVisible = 0;
			defaultConfigurationName = Release;
		};
		845B823B212D295100DF259F /* Build configuration list for PBXNativeTarget "GetDonor" */ = {
			isa = XCConfigurationList;
			buildConfigurations = (
				845B823C212D295100DF259F /* Debug */,
				845B823D212D295100DF259F /* Release */,
			);
			defaultConfigurationIsVisible = 0;
			defaultConfigurationName = Release;
		};
		845B823E212D295100DF259F /* Build configuration list for PBXNativeTarget "GetDonorTests" */ = {
			isa = XCConfigurationList;
			buildConfigurations = (
				845B823F212D295100DF259F /* Debug */,
				845B8240212D295100DF259F /* Release */,
			);
			defaultConfigurationIsVisible = 0;
			defaultConfigurationName = Release;
		};
		845B8241212D295100DF259F /* Build configuration list for PBXNativeTarget "GetDonorUITests" */ = {
			isa = XCConfigurationList;
			buildConfigurations = (
				845B8242212D295100DF259F /* Debug */,
				845B8243212D295100DF259F /* Release */,
			);
			defaultConfigurationIsVisible = 0;
			defaultConfigurationName = Release;
		};
/* End XCConfigurationList section */
	};
	rootObject = 845B820B212D294C00DF259F /* Project object */;
}
